{
    "_meta": {
        "hash": {
            "sha256": "f24a1da0ea0fdf333f667a0cb23690b976ff1b45d16776c664aff19406dc3a29"
        },
        "pipfile-spec": 6,
        "requires": {
            "python_version": "3.8"
        },
        "sources": [
            {
                "name": "pypi",
                "url": "https://pypi.org/simple",
                "verify_ssl": true
            }
        ]
    },
    "default": {
        "brotli": {
            "hashes": [
                "sha256:12effe280b8ebfd389022aa65114e30407540ccb89b177d3fbc9a4f177c4bd5d",
                "sha256:160c78292e98d21e73a4cc7f76a234390e516afcd982fa17e1422f7c6a9ce9c8",
                "sha256:16d528a45c2e1909c2798f27f7bf0a3feec1dc9e50948e738b961618e38b6a7b",
                "sha256:19598ecddd8a212aedb1ffa15763dd52a388518c4550e615aed88dc3753c0f0c",
                "sha256:1c48472a6ba3b113452355b9af0a60da5c2ae60477f8feda8346f8fd48e3e87c",
                "sha256:268fe94547ba25b58ebc724680609c8ee3e5a843202e9a381f6f9c5e8bdb5c70",
                "sha256:269a5743a393c65db46a7bb982644c67ecba4b8d91b392403ad8a861ba6f495f",
                "sha256:26d168aac4aaec9a4394221240e8a5436b5634adc3cd1cdf637f6645cecbf181",
                "sha256:29d1d350178e5225397e28ea1b7aca3648fcbab546d20e7475805437bfb0a130",
                "sha256:2aad0e0baa04517741c9bb5b07586c642302e5fb3e75319cb62087bd0995ab19",
                "sha256:3496fc835370da351d37cada4cf744039616a6db7d13c430035e901443a34daa",
                "sha256:35a3edbe18e876e596553c4007a087f8bcfd538f19bc116917b3c7522fca0429",
                "sha256:3b78a24b5fd13c03ee2b7b86290ed20efdc95da75a3557cc06811764d5ad1126",
                "sha256:40d15c79f42e0a2c72892bf407979febd9cf91f36f495ffb333d1d04cebb34e4",
                "sha256:44bb8ff420c1d19d91d79d8c3574b8954288bdff0273bf788954064d260d7ab0",
                "sha256:4688c1e42968ba52e57d8670ad2306fe92e0169c6f3af0089be75bbac0c64a3b",
                "sha256:495ba7e49c2db22b046a53b469bbecea802efce200dffb69b93dd47397edc9b6",
                "sha256:4d1b810aa0ed773f81dceda2cc7b403d01057458730e309856356d4ef4188438",
                "sha256:503fa6af7da9f4b5780bb7e4cbe0c639b010f12be85d02c99452825dd0feef3f",
                "sha256:56d027eace784738457437df7331965473f2c0da2c70e1a1f6fdbae5402e0389",
                "sha256:5913a1177fc36e30fcf6dc868ce23b0453952c78c04c266d3149b3d39e1410d6",
                "sha256:5b6ef7d9f9c38292df3690fe3e302b5b530999fa90014853dcd0d6902fb59f26",
                "sha256:5cb1e18167792d7d21e21365d7650b72d5081ed476123ff7b8cac7f45189c0c7",
                "sha256:61a7ee1f13ab913897dac7da44a73c6d44d48a4adff42a5701e3239791c96e14",
                "sha256:622a231b08899c864eb87e85f81c75e7b9ce05b001e59bbfbf43d4a71f5f32b2",
                "sha256:68715970f16b6e92c574c30747c95cf8cf62804569647386ff032195dc89a430",
                "sha256:6b2ae9f5f67f89aade1fab0f7fd8f2832501311c363a21579d02defa844d9296",
                "sha256:6c772d6c0a79ac0f414a9f8947cc407e119b8598de7621f39cacadae3cf57d12",
                "sha256:6d847b14f7ea89f6ad3c9e3901d1bc4835f6b390a9c71df999b0162d9bb1e20f",
                "sha256:76ffebb907bec09ff511bb3acc077695e2c32bc2142819491579a695f77ffd4d",
                "sha256:7bbff90b63328013e1e8cb50650ae0b9bac54ffb4be6104378490193cd60f85a",
                "sha256:7cb81373984cc0e4682f31bc3d6be9026006d96eecd07ea49aafb06897746452",
                "sha256:7ee83d3e3a024a9618e5be64648d6d11c37047ac48adff25f12fa4226cf23d1c",
                "sha256:854c33dad5ba0fbd6ab69185fec8dab89e13cda6b7d191ba111987df74f38761",
                "sha256:85f7912459c67eaab2fb854ed2bc1cc25772b300545fe7ed2dc03954da638649",
                "sha256:87fdccbb6bb589095f413b1e05734ba492c962b4a45a13ff3408fa44ffe6479b",
                "sha256:88c63a1b55f352b02c6ffd24b15ead9fc0e8bf781dbe070213039324922a2eea",
                "sha256:8a674ac10e0a87b683f4fa2b6fa41090edfd686a6524bd8dedbd6138b309175c",
                "sha256:93130612b837103e15ac3f9cbacb4613f9e348b58b3aad53721d92e57f96d46a",
                "sha256:9744a863b489c79a73aba014df554b0e7a0fc44ef3f8a0ef2a52919c7d155031",
                "sha256:9749a124280a0ada4187a6cfd1ffd35c350fb3af79c706589d98e088c5044267",
                "sha256:97f715cf371b16ac88b8c19da00029804e20e25f30d80203417255d239f228b5",
                "sha256:9bf919756d25e4114ace16a8ce91eb340eb57a08e2c6950c3cebcbe3dff2a5e7",
                "sha256:9d12cf2851759b8de8ca5fde36a59c08210a97ffca0eb94c532ce7b17c6a3d1d",
                "sha256:9ed4c92a0665002ff8ea852353aeb60d9141eb04109e88928026d3c8a9e5433c",
                "sha256:a72661af47119a80d82fa583b554095308d6a4c356b2a554fdc2799bc19f2a43",
                "sha256:afde17ae04d90fbe53afb628f7f2d4ca022797aa093e809de5c3cf276f61bbfa",
                "sha256:b336c5e9cf03c7be40c47b5fd694c43c9f1358a80ba384a21969e0b4e66a9b17",
                "sha256:b663f1e02de5d0573610756398e44c130add0eb9a3fc912a09665332942a2efb",
                "sha256:b83bb06a0192cccf1eb8d0a28672a1b79c74c3a8a5f2619625aeb6f28b3a82bb",
                "sha256:c2415d9d082152460f2bd4e382a1e85aed233abc92db5a3880da2257dc7daf7b",
                "sha256:c83aa123d56f2e060644427a882a36b3c12db93727ad7a7b9efd7d7f3e9cc2c4",
                "sha256:cfc391f4429ee0a9370aa93d812a52e1fee0f37a81861f4fdd1f4fb28e8547c3",
                "sha256:db844eb158a87ccab83e868a762ea8024ae27337fc7ddcbfcddd157f841fdfe7",
                "sha256:defed7ea5f218a9f2336301e6fd379f55c655bea65ba2476346340a0ce6f74a1",
                "sha256:e16eb9541f3dd1a3e92b89005e37b1257b157b7256df0e36bd7b33b50be73bcb",
                "sha256:e23281b9a08ec338469268f98f194658abfb13658ee98e2b7f85ee9dd06caa91",
                "sha256:e2d9e1cbc1b25e22000328702b014227737756f4b5bf5c485ac1d8091ada078b",
                "sha256:e48f4234f2469ed012a98f4b7874e7f7e173c167bed4934912a29e03167cf6b1",
                "sha256:e4c4e92c14a57c9bd4cb4be678c25369bf7a092d55fd0866f759e425b9660806",
                "sha256:ec1947eabbaf8e0531e8e899fc1d9876c179fc518989461f5d24e2223395a9e3",
                "sha256:f909bbbc433048b499cb9db9e713b5d8d949e8c109a2a548502fb9aa8630f0b1"
            ],
            "version": "==1.0.9"
        },
        "east-asian-spacing": {
            "hashes": [
                "sha256:b87a466b8516a7e50f3c85ce142c297b554a73c73f38a07932702432687d5265",
                "sha256:f1714dbb55bd6d28d45c7987df6450540612112568b2dbd0893ccae90ce04d51"
            ],
            "index": "pypi",
            "version": "==1.4.1"
        },
        "fonttools": {
            "extras": [
                "woff"
            ],
            "hashes": [
                "sha256:2b288eae806800668cb5cdf52a37b5ac701c5adda2dd5c88b685581ce3385285",
                "sha256:f8b35ed9ba189710994cec2c86b8eb5f0c49336698575e439a0d5671d3ca1ace"
            ],
            "markers": "python_version >= '3.7'",
            "version": "==4.31.1"
        },
        "uharfbuzz": {
            "hashes": [
                "sha256:00f26fcd3f006b67dc20f8f1cdcf15b3410a25946b91eb21c540949bdaeefbea",
                "sha256:04ef62d67c78b77756ecc36e5b5db23855403c5d44f920d2f46f725385a84882",
                "sha256:0ebb8e5e4a9f49e28aad31fb12101d2317ea69675d15a917944aa5c435c10100",
                "sha256:12a157bd2681227b4090bf9632e9abd956b861c8dc21a3b9abe6de385ace5ed0",
                "sha256:20981bddab3dee2a3ca91aae631ace992621ffcfac8c9584a75c067f1c45c573",
                "sha256:23e280c2083d72ea5a9d36e2d85fb565c514f5fca823344a7d767f9e530e2afa",
                "sha256:2b8fa1e4e944910924558ef1408ee6a54e18e6261bffda88abdc3308f2102ee0",
                "sha256:2c415318cc5b6c9d41fae5fd2119ce93272da854540771794a54505418e42175",
                "sha256:2c4bdf22c2b9d451bdfd40fd5977ac7fef28a3dab9f0065bfb6bc1a493da163c",
                "sha256:317af35033ea4f0c530bfce180b85c6e55c2c3a05c71b1f99a197d9df0c3689e",
                "sha256:361ad1c018b4f36569cd07030d69dd27ad6462f214b98c67b3b0a86031fbea9a",
                "sha256:41275cd838a764c37b1a4cbcdeb1ccf19f8d710c276ad1f0ebb625a27fd079dc",
                "sha256:46c456a3a23efe69d2298fe65964be0ac98e2d5dddf1aa97fa01f7bc413972c9",
                "sha256:4c3bb2d43c2d3074b2c29b2f5963fa30f901bc7837cf8412ccf2b7f4929ae46b",
                "sha256:4e44632866da677d63d9701358bac313ac83dd28e22766a8eba7b4527c23f452",
                "sha256:4f1b91f35c4232dd0a632bd098778ae50f97402898886a7247dc0513b980ebf8",
                "sha256:554dbbbfc8b9459615e19c2211536db5af72abd80e8e27657a6356e035550a62",
                "sha256:58a90dfdbe7aa0624466f911e2cf68a62d2e7e86656e1c9975709b9246ed20b7",
                "sha256:65b257aefeb6868b07896ed9f0e2a189545c26f0ca928977de8bbd01f827c0c9",
                "sha256:6e5d903099a467c380aa8b8e832fb684a95e28192c6bc1860d00ee5d9242bae0",
                "sha256:7373230474a09f3b112b7bf112b96208dd16f4bb6ef8e4bee3c748e9eb0bef6d",
                "sha256:7d0861335347d5337bf73e9e562f9748655c49ba62f3365149d87b5a14af2f09",
                "sha256:8153da1b2985431c8202d123382bc8315692c199c72babecc13c20e17c1a8b2d",
                "sha256:82b68867fffd78d84e664ee872a193a897a35f398e40095ede7759456da4ebb6",
                "sha256:8c23ba9d9f7c78d9cb33cd822e574a726f0ef2135ca506e1ba7de83bb9f4c739",
                "sha256:9b19f0fdbc956c3519ccad1e0ac0750edd8f37001697f75550f161185ba6a8d0",
                "sha256:9c84d4cbe5989d5b9c5153e7818cb572158544bbfd3a4641eca05e30d75d0158",
                "sha256:aaaf91518ff8f3b7f363fc79621fee6c3bdd9785ce8573f01ae20845d84730aa",
                "sha256:c1f05b6f5d4ea7d27d4d0af23b0a19a5cdefc5a7395ff1898c4e5dd4b692f72a",
                "sha256:ce0df18a78fb21b76fb32dc8722e19ff6ee03110acafda0d630d98665dceb9d8",
                "sha256:d1660324efea821cfe9962fef175f36fe1725b653a3bd48a08743dab03f4e9b8",
                "sha256:f513cc4c2c05a7070ea2374401a1a30bde51faefefb0070423d8c02a921cc795",
                "sha256:ff67f2b5a28072fe907c1adac1e0cd22f86c77a9e654628921bb9f6b7c7d130e"
            ],
            "markers": "python_version >= '3.5'",
            "version": "==0.22.0"
        },
        "zopfli": {
            "hashes": [
                "sha256:0190633ca26568f6fa810af9b7c108279d5f565a8aca1224333ff732f565086d",
                "sha256:0f052a07a6fb6b7bf87ed30a099187597eb594a8a573a4426c16a6a852a05d86",
                "sha256:0f45111b31f32aef070be180433fec5de548dc87caf92c5c304d1e3642b12815",
                "sha256:195209711463a399f0c252b34042d8027f3b41dcb646fc112551cfaef507eab4",
                "sha256:2442b99067229d786aa9f9b86976db1ba9602c1b204f361d2901d1bbcaca3441",
                "sha256:28a103434694ce35cbe4f2380e18077052a78f1a0de061b3c8f1bd35b54c2822",
                "sha256:29357c34b8de35c05dd04d8706393bfa09b2dd8bb7a331cc5e98e2b8d39d2efd",
                "sha256:2cd55bf9952884f3c0a3a32f95e5ba5fb0e1f371c9b1a99ed41351c1e00f4700",
                "sha256:2f61ecd57bc47684c44a60e8cecb8e67f633cf238f30cc255627e172119ad72d",
                "sha256:338c7b2bba06ff60a73f724b7e1c8a16a5aebe9155edf58cf69b4ff7cb0b46f6",
                "sha256:3663d25419476b9e999e12ab8f6f5f8d39079bf536947da2cb5f3e45491db6f4",
                "sha256:37071a3dd5ec0c7f27a1f440d6f50ed8171665e7e3b6ae9a6228e6c48d21570c",
                "sha256:38b1928a5fc5c706ec90aa833ffb5f4512bf886fe41c1b30a95edf7fb09544d6",
                "sha256:51537999c2114a68b1c0fac8f7ab2a05e4251d778b568213f1666f04feb79e1c",
                "sha256:58b2bd497273e1344098370d959f837ec1d18bae9bfafad8f4e4a2802cbbf049",
                "sha256:5ee224ec851b4b53042ff6ad6e81712c8c9aa18396396acb024fe5a65c6bb8f1",
                "sha256:5fa38b9bb6636fd11b3348dfd6aee4839e71145c3aebc76de4ba44886ec9fd6e",
                "sha256:5ffcdc5ee695da73990f7806f8f1dd9a6d99d338bbe54d08fb3aaa55c9603e27",
                "sha256:683c2d521553aa8ca4526c911d419d37223db298f76048ce920aded18ae060cb",
                "sha256:7b189d80aeedb986d226e966df9e13fe8ccc28352d9d5c6c1bd3ac208aa79769",
                "sha256:7c829c577f976b05e4ec583da4f48f31448db97b9f7b65c438d45ba7893aa2a7",
                "sha256:7e2b47662632809d7035f4fc16edbe141c4538158ad74eb3c47532b8bedb8277",
                "sha256:890a83502bb5dff27b1e2b829f8b879d9b7c1383d20a68dc13f0de71da4ff604",
                "sha256:8a40d9d113902aea0de370dce115051cf9cae4767b50af4fdde66d931b9bcae5",
                "sha256:8bc92b4008854afa465d647be5ae51b01788ec47cfd10a362dcc865ff898c473",
                "sha256:95a7ca4571797375b1fa924858cda344767621ef70a43b1b2c0b116e275f42b2",
                "sha256:9e123bfb16cf86ef5abda375012a97c7d00d989b3519d785ca298326f671a81b",
                "sha256:a8ca5b541544a7b959fdf5a8f614c52a31002e4be489663d835aadeef3473cb0",
                "sha256:a9def54c90edd112f785b07a812005ab374e7d0aaf50ecac900ca0c51adab3e7",
                "sha256:aa11904718fd27b2ccadf0ac88c1ca0b96ba67ad0c3c2bd584f85de060d04534",
                "sha256:aa18771d1d76c09d2ec2c859b6c55fdad29d2511549b4225437194aca102ad3c",
                "sha256:b25540fee3d54e0fb627f911f7e1bed79611ea09aa048708777a34f6f1ac9b70",
                "sha256:b882f85b13c47eb19e7f07bccac7564701424ed5ec6d7ba8886ad6de04110e21",
                "sha256:ba4001a8c798a9bb2a59bb30284acd604e0c702477dce69b7fde35a50e55a95b",
                "sha256:bbcdbfe93dad34f0e30f166092ffdf95e564e415b29732a6f6a52def7bb1c4d3",
                "sha256:c5d722b2bfde6dbfbda548e7f6b5b50b57ee06f334b055be24d9bbcdbee60e84",
                "sha256:c993919cd01ea5c4b0134908bbd59321d9bdbb9085aa30c538fa1289745fe52f",
                "sha256:c9b9f73d99080ca2d79600683b8be3395d46a386b4e1d351c6ed6dc261d267e9",
                "sha256:cfffa5ad327585754f811fd49518d7170d200ba7888c49ae8629ae94c6c4a77d",
                "sha256:d067f39d72f364ae94a118df3b4cf2db8a9f53625f497ad0f04bf91ea8720db0",
                "sha256:d8457452a9151b56f17bbb9af57a4764fb41958ab84bf808e3296aefb6e61bca",
                "sha256:dbf30730f169bbe77b2b6e000bf8b486559e8a36e6ab82f2471d75be4661e6bc",
                "sha256:e5263d2806e2c1ccb23f52b2972a235d31d42f22f3fa3032cc9aded51e9bf2c6",
                "sha256:e9091778e9e0dbbded72c389eace553153102acc9da560870d9d0845c8547a8d",
                "sha256:f04a2cf50797dfa6fa954dd24de533f471542aa1923b89381a046a936bcbdcc5",
                "sha256:faf26674e52a957b8fd76e955b6d89215265f4b8c7e13abf834c84a8e23def9d",
                "sha256:fd917247bb0489c924d74186075cf0a2d7d06b3b1413197f9f6ee8fcbd0263a0",
                "sha256:fe9c9276edafb8746c01be15e5d702dcdab41062e2f7fb8af1dd8fa51a18b717"
            ],
            "version": "==0.2.1"
        }
    },
    "develop": {
        "attrs": {
            "hashes": [
                "sha256:2d27e3784d7a565d36ab851fe94887c5eccd6a463168875832a1be79c82828b4",
                "sha256:626ba8234211db98e869df76230a137c4c40a12d72445c45d5f5b716f076e2fd"
            ],
            "markers": "python_version >= '2.7' and python_version not in '3.0, 3.1, 3.2, 3.3, 3.4'",
            "version": "==21.4.0"
        },
        "black": {
            "hashes": [
                "sha256:07e5c049442d7ca1a2fc273c79d1aecbbf1bc858f62e8184abe1ad175c4f7cc2",
                "sha256:0e21e1f1efa65a50e3960edd068b6ae6d64ad6235bd8bfea116a03b21836af71",
                "sha256:1297c63b9e1b96a3d0da2d85d11cd9bf8664251fd69ddac068b98dc4f34f73b6",
                "sha256:228b5ae2c8e3d6227e4bde5920d2fc66cc3400fde7bcc74f480cb07ef0b570d5",
                "sha256:2d6f331c02f0f40aa51a22e479c8209d37fcd520c77721c034517d44eecf5912",
                "sha256:2ff96450d3ad9ea499fc4c60e425a1439c2120cbbc1ab959ff20f7c76ec7e866",
                "sha256:3524739d76b6b3ed1132422bf9d82123cd1705086723bc3e235ca39fd21c667d",
                "sha256:35944b7100af4a985abfcaa860b06af15590deb1f392f06c8683b4381e8eeaf0",
                "sha256:373922fc66676133ddc3e754e4509196a8c392fec3f5ca4486673e685a421321",
                "sha256:5fa1db02410b1924b6749c245ab38d30621564e658297484952f3d8a39fce7e8",
                "sha256:6f2f01381f91c1efb1451998bd65a129b3ed6f64f79663a55fe0e9b74a5f81fd",
                "sha256:742ce9af3086e5bd07e58c8feb09dbb2b047b7f566eb5f5bc63fd455814979f3",
                "sha256:7835fee5238fc0a0baf6c9268fb816b5f5cd9b8793423a75e8cd663c48d073ba",
                "sha256:8871fcb4b447206904932b54b567923e5be802b9b19b744fdff092bd2f3118d0",
                "sha256:a7c0192d35635f6fc1174be575cb7915e92e5dd629ee79fdaf0dcfa41a80afb5",
                "sha256:b1a5ed73ab4c482208d20434f700d514f66ffe2840f63a6252ecc43a9bc77e8a",
                "sha256:c8226f50b8c34a14608b848dc23a46e5d08397d009446353dad45e04af0c8e28",
                "sha256:ccad888050f5393f0d6029deea2a33e5ae371fd182a697313bdbd835d3edaf9c",
                "sha256:dae63f2dbf82882fa3b2a3c49c32bffe144970a573cd68d247af6560fc493ae1",
                "sha256:e2f69158a7d120fd641d1fa9a921d898e20d52e44a74a6fbbcc570a62a6bc8ab",
                "sha256:efbadd9b52c060a8fc3b9658744091cb33c31f830b3f074422ed27bad2b18e8f",
                "sha256:f5660feab44c2e3cb24b2419b998846cbb01c23c7fe645fee45087efa3da2d61",
                "sha256:fdb8754b453fb15fad3f72cd9cad3e16776f0964d67cf30ebcbf10327a3777a3"
            ],
            "markers": "python_full_version >= '3.6.2'",
            "version": "==22.1.0"
        },
        "brotli": {
            "hashes": [
                "sha256:12effe280b8ebfd389022aa65114e30407540ccb89b177d3fbc9a4f177c4bd5d",
                "sha256:160c78292e98d21e73a4cc7f76a234390e516afcd982fa17e1422f7c6a9ce9c8",
                "sha256:16d528a45c2e1909c2798f27f7bf0a3feec1dc9e50948e738b961618e38b6a7b",
                "sha256:19598ecddd8a212aedb1ffa15763dd52a388518c4550e615aed88dc3753c0f0c",
                "sha256:1c48472a6ba3b113452355b9af0a60da5c2ae60477f8feda8346f8fd48e3e87c",
                "sha256:268fe94547ba25b58ebc724680609c8ee3e5a843202e9a381f6f9c5e8bdb5c70",
                "sha256:269a5743a393c65db46a7bb982644c67ecba4b8d91b392403ad8a861ba6f495f",
                "sha256:26d168aac4aaec9a4394221240e8a5436b5634adc3cd1cdf637f6645cecbf181",
                "sha256:29d1d350178e5225397e28ea1b7aca3648fcbab546d20e7475805437bfb0a130",
                "sha256:2aad0e0baa04517741c9bb5b07586c642302e5fb3e75319cb62087bd0995ab19",
                "sha256:3496fc835370da351d37cada4cf744039616a6db7d13c430035e901443a34daa",
                "sha256:35a3edbe18e876e596553c4007a087f8bcfd538f19bc116917b3c7522fca0429",
                "sha256:3b78a24b5fd13c03ee2b7b86290ed20efdc95da75a3557cc06811764d5ad1126",
                "sha256:40d15c79f42e0a2c72892bf407979febd9cf91f36f495ffb333d1d04cebb34e4",
                "sha256:44bb8ff420c1d19d91d79d8c3574b8954288bdff0273bf788954064d260d7ab0",
                "sha256:4688c1e42968ba52e57d8670ad2306fe92e0169c6f3af0089be75bbac0c64a3b",
                "sha256:495ba7e49c2db22b046a53b469bbecea802efce200dffb69b93dd47397edc9b6",
                "sha256:4d1b810aa0ed773f81dceda2cc7b403d01057458730e309856356d4ef4188438",
                "sha256:503fa6af7da9f4b5780bb7e4cbe0c639b010f12be85d02c99452825dd0feef3f",
                "sha256:56d027eace784738457437df7331965473f2c0da2c70e1a1f6fdbae5402e0389",
                "sha256:5913a1177fc36e30fcf6dc868ce23b0453952c78c04c266d3149b3d39e1410d6",
                "sha256:5b6ef7d9f9c38292df3690fe3e302b5b530999fa90014853dcd0d6902fb59f26",
                "sha256:5cb1e18167792d7d21e21365d7650b72d5081ed476123ff7b8cac7f45189c0c7",
                "sha256:61a7ee1f13ab913897dac7da44a73c6d44d48a4adff42a5701e3239791c96e14",
                "sha256:622a231b08899c864eb87e85f81c75e7b9ce05b001e59bbfbf43d4a71f5f32b2",
                "sha256:68715970f16b6e92c574c30747c95cf8cf62804569647386ff032195dc89a430",
                "sha256:6b2ae9f5f67f89aade1fab0f7fd8f2832501311c363a21579d02defa844d9296",
                "sha256:6c772d6c0a79ac0f414a9f8947cc407e119b8598de7621f39cacadae3cf57d12",
                "sha256:6d847b14f7ea89f6ad3c9e3901d1bc4835f6b390a9c71df999b0162d9bb1e20f",
                "sha256:76ffebb907bec09ff511bb3acc077695e2c32bc2142819491579a695f77ffd4d",
                "sha256:7bbff90b63328013e1e8cb50650ae0b9bac54ffb4be6104378490193cd60f85a",
                "sha256:7cb81373984cc0e4682f31bc3d6be9026006d96eecd07ea49aafb06897746452",
                "sha256:7ee83d3e3a024a9618e5be64648d6d11c37047ac48adff25f12fa4226cf23d1c",
                "sha256:854c33dad5ba0fbd6ab69185fec8dab89e13cda6b7d191ba111987df74f38761",
                "sha256:85f7912459c67eaab2fb854ed2bc1cc25772b300545fe7ed2dc03954da638649",
                "sha256:87fdccbb6bb589095f413b1e05734ba492c962b4a45a13ff3408fa44ffe6479b",
                "sha256:88c63a1b55f352b02c6ffd24b15ead9fc0e8bf781dbe070213039324922a2eea",
                "sha256:8a674ac10e0a87b683f4fa2b6fa41090edfd686a6524bd8dedbd6138b309175c",
                "sha256:93130612b837103e15ac3f9cbacb4613f9e348b58b3aad53721d92e57f96d46a",
                "sha256:9744a863b489c79a73aba014df554b0e7a0fc44ef3f8a0ef2a52919c7d155031",
                "sha256:9749a124280a0ada4187a6cfd1ffd35c350fb3af79c706589d98e088c5044267",
                "sha256:97f715cf371b16ac88b8c19da00029804e20e25f30d80203417255d239f228b5",
                "sha256:9bf919756d25e4114ace16a8ce91eb340eb57a08e2c6950c3cebcbe3dff2a5e7",
                "sha256:9d12cf2851759b8de8ca5fde36a59c08210a97ffca0eb94c532ce7b17c6a3d1d",
                "sha256:9ed4c92a0665002ff8ea852353aeb60d9141eb04109e88928026d3c8a9e5433c",
                "sha256:a72661af47119a80d82fa583b554095308d6a4c356b2a554fdc2799bc19f2a43",
                "sha256:afde17ae04d90fbe53afb628f7f2d4ca022797aa093e809de5c3cf276f61bbfa",
                "sha256:b336c5e9cf03c7be40c47b5fd694c43c9f1358a80ba384a21969e0b4e66a9b17",
                "sha256:b663f1e02de5d0573610756398e44c130add0eb9a3fc912a09665332942a2efb",
                "sha256:b83bb06a0192cccf1eb8d0a28672a1b79c74c3a8a5f2619625aeb6f28b3a82bb",
                "sha256:c2415d9d082152460f2bd4e382a1e85aed233abc92db5a3880da2257dc7daf7b",
                "sha256:c83aa123d56f2e060644427a882a36b3c12db93727ad7a7b9efd7d7f3e9cc2c4",
                "sha256:cfc391f4429ee0a9370aa93d812a52e1fee0f37a81861f4fdd1f4fb28e8547c3",
                "sha256:db844eb158a87ccab83e868a762ea8024ae27337fc7ddcbfcddd157f841fdfe7",
                "sha256:defed7ea5f218a9f2336301e6fd379f55c655bea65ba2476346340a0ce6f74a1",
                "sha256:e16eb9541f3dd1a3e92b89005e37b1257b157b7256df0e36bd7b33b50be73bcb",
                "sha256:e23281b9a08ec338469268f98f194658abfb13658ee98e2b7f85ee9dd06caa91",
                "sha256:e2d9e1cbc1b25e22000328702b014227737756f4b5bf5c485ac1d8091ada078b",
                "sha256:e48f4234f2469ed012a98f4b7874e7f7e173c167bed4934912a29e03167cf6b1",
                "sha256:e4c4e92c14a57c9bd4cb4be678c25369bf7a092d55fd0866f759e425b9660806",
                "sha256:ec1947eabbaf8e0531e8e899fc1d9876c179fc518989461f5d24e2223395a9e3",
                "sha256:f909bbbc433048b499cb9db9e713b5d8d949e8c109a2a548502fb9aa8630f0b1"
            ],
            "version": "==1.0.9"
        },
        "chws-tool": {
            "editable": true,
            "extras": [
                "dev"
            ],
            "path": "."
        },
        "click": {
            "hashes": [
                "sha256:6a7a62563bbfabfda3a38f3023a1db4a35978c0abd76f6c9605ecd6554d6d9b1",
                "sha256:8458d7b1287c5fb128c90e23381cf99dcde74beaf6c7ff6384ce84d6fe090adb"
            ],
            "markers": "python_full_version >= '3.6.0'",
            "version": "==8.0.4"
        },
        "distlib": {
            "hashes": [
                "sha256:6564fe0a8f51e734df6333d08b8b94d4ea8ee6b99b5ed50613f731fd4089f34b",
                "sha256:e4b58818180336dc9c529bfb9a0b58728ffc09ad92027a3f30b7cd91e3458579"
            ],
            "version": "==0.3.4"
        },
        "east-asian-spacing": {
            "hashes": [
                "sha256:b87a466b8516a7e50f3c85ce142c297b554a73c73f38a07932702432687d5265",
                "sha256:f1714dbb55bd6d28d45c7987df6450540612112568b2dbd0893ccae90ce04d51"
            ],
            "index": "pypi",
            "version": "==1.4.1"
        },
        "filelock": {
            "hashes": [
                "sha256:9cd540a9352e432c7246a48fe4e8712b10acb1df2ad1f30e8c070b82ae1fed85",
                "sha256:f8314284bfffbdcfa0ff3d7992b023d4c628ced6feb957351d4c48d059f56bc0"
            ],
            "markers": "python_version >= '3.7'",
            "version": "==3.6.0"
        },
        "fonttools": {
            "extras": [
                "woff"
            ],
            "hashes": [
                "sha256:2b288eae806800668cb5cdf52a37b5ac701c5adda2dd5c88b685581ce3385285",
                "sha256:f8b35ed9ba189710994cec2c86b8eb5f0c49336698575e439a0d5671d3ca1ace"
            ],
            "markers": "python_version >= '3.7'",
            "version": "==4.31.1"
        },
        "importlab": {
            "hashes": [
                "sha256:744bd75d4410744962d203bd1eb71a950b19e8fb8eb5f0b805461dc0a2da329b"
            ],
            "markers": "python_full_version >= '3.6.0'",
            "version": "==0.7"
        },
        "iniconfig": {
            "hashes": [
                "sha256:011e24c64b7f47f6ebd835bb12a743f2fbe9a26d4cecaa7f53bc4f35ee9da8b3",
                "sha256:bc3af051d7d14b2ee5ef9969666def0cd1a000e121eaea580d4a313df4b37f32"
            ],
            "version": "==1.1.1"
        },
        "libcst": {
            "hashes": [
                "sha256:05f97c0f56da7bf8a348d63603a04cdf8f9cc18b9880be62540788e968e4b6fa",
                "sha256:06de1bc753d789f928f19f5bba5bc83b1b4b304a1b95f537b87c8d5d5cb4b9ce",
                "sha256:2473609db1218ee3a3d69d39f97e97b65f6fdb90b2bfce0af7680448578ed6eb",
                "sha256:2bd72ce428ac4123c075cbbacb66ae62ed0c166e248cc81b504779c27e263bb7",
                "sha256:2f2a2d70f14628eaa2870b94f2c8094048af980754433ac1195af14be3f06e27",
                "sha256:35194a24918b7386310b3ce02456dc8259a2fdb8ef5c6620132047fb014b4e8e",
                "sha256:3f61d3be41946d4ed921afb5914e40027d639130771e89d6846c0cc5bee967ec",
                "sha256:407e419f8f69663509e37c9ebad88ca6ea4904d09a2293f47bbfc7597f82e7db",
                "sha256:427c88ca77d0c7beb71a0c7f0ea9dccaafad5fc86bb384f381cd8c56412bd0db",
                "sha256:43f698ee4eeb0fde410a369a4c51c7a5e61974307039ab8ef5c2da83f21b061d",
                "sha256:46bc765dccd9741951b3716ce8ead0d7014fe5fe04927a5920188aedf786133e",
                "sha256:640256354d7183bc801a78a5b05238ccdc46b3646c7a7bee288f8cc046ed0b25",
                "sha256:753ada0471c666befb33ccb73258161bd6493ba3bbb5931abce9d02e71cc673f",
                "sha256:7aacd83126cf932c38cd58be3f8dd9b9aaa88feaf8aa42418156873a5f5ded70",
                "sha256:7b2a6be4d8eace4670af9e596b8dd364d74072235e5a17cc7cff1509483a97c8",
                "sha256:961ab38c0ef318c384a287f1e4f877bb61ce93945f352b14b5dbbe7a317882b1",
                "sha256:9880a360d9a07283825844d415dc89aee00f13977a571e68f7c168b39a5b7f59",
                "sha256:9eab2755d4796ac0b89e705133547677eaaacb3a913f6b7761f4dc964cca2886",
                "sha256:ab268eae8a1fdbc23d510f598d0d5b1efe98d7e4f79045fd565c305adebe3a2d",
                "sha256:ac37e00960d1ebffbad1b8723d11eaa69371ba49cbcb5680c4da3d50c0536dc3",
                "sha256:af9526ecc53a515cb5a1761536d6cc6dce7b2ccd958a01d1f185fa580d844afa",
                "sha256:b4a6bc639bf9f7991e6850329264657448c6516a3d07fe2e0df692ae0bfdac83",
                "sha256:c5076d07d4f556d82a04654b72ac80c1b38eea4590189c40880202de40ac4237",
                "sha256:c6bdb278244d35cc5a14275ac1c0c11de79c6df46031f537c7b707b5841dd518",
                "sha256:ce228e20216bce09ddb4eceed9a669f7fb52568ff300edf99a8850a4d6ab9e86",
                "sha256:e02d3141ce6960f8df5b3c2615ea112a7a5065a60e81e56ca65a498c2c7f2490",
                "sha256:ef99c15d0ea671bc1ba914d9f11634748479b1476fd389de9647c918c729d042",
                "sha256:f8f75ed9981ec9a96835f78809360847661cc9c8033d404dcc65c346ce480f4d",
                "sha256:fe162be926af39bf307dd69b1ceb89af5ccdbfe21e1d92ba24ef7faa9d62be7b"
            ],
            "markers": "python_full_version >= '3.6.0'",
            "version": "==0.4.1"
        },
        "mypy-extensions": {
            "hashes": [
                "sha256:090fedd75945a69ae91ce1303b5824f428daf5a028d2f6ab8a299250a846f15d",
                "sha256:2d82818f5bb3e369420cb3c4060a7970edba416647068eb4c5343488a6c604a8"
            ],
            "version": "==0.4.3"
        },
        "networkx": {
            "hashes": [
                "sha256:011e85d277c89681e8fa661cf5ff0743443445049b0b68789ad55ef09340c6e0",
                "sha256:d1194ba753e5eed07cdecd1d23c5cd7a3c772099bd8dbd2fea366788cf4de7ba"
            ],
            "markers": "python_version >= '3.8'",
            "version": "==2.7.1"
        },
        "ninja": {
            "hashes": [
                "sha256:0560eea57199e41e86ac2c1af0108b63ae77c3ca4d05a9425a750e908135935a",
                "sha256:21a1d84d4c7df5881bfd86c25cce4cf7af44ba2b8b255c57bc1c434ec30a2dfc",
                "sha256:279836285975e3519392c93c26e75755e8a8a7fafec9f4ecbb0293119ee0f9c6",
                "sha256:29570a18d697fc84d361e7e6330f0021f34603ae0fcb0ef67ae781e9814aae8d",
                "sha256:5ea785bf6a15727040835256577239fa3cf5da0d60e618c307aa5efc31a1f0ce",
                "sha256:688167841b088b6802e006f911d911ffa925e078c73e8ef2f88286107d3204f8",
                "sha256:6bd76a025f26b9ae507cf8b2b01bb25bb0031df54ed685d85fc559c411c86cf4",
                "sha256:740d61fefb4ca13573704ee8fe89b973d40b8dc2a51aaa4e9e68367233743bb6",
                "sha256:840a0b042d43a8552c4004966e18271ec726e5996578f28345d9ce78e225b67e",
                "sha256:84be6f9ec49f635dc40d4b871319a49fa49b8d55f1d9eae7cd50d8e57ddf7a85",
                "sha256:9ca8dbece144366d5f575ffc657af03eb11c58251268405bc8519d11cf42f113",
                "sha256:cc8b31b5509a2129e4d12a35fc21238c157038022560aaf22e49ef0a77039086",
                "sha256:d5e0275d28997a750a4f445c00bdd357b35cc334c13cdff13edf30e544704fbd",
                "sha256:e1b86ad50d4e681a7dbdff05fc23bb52cb773edb90bc428efba33fa027738408"
            ],
            "version": "==1.10.2.3"
        },
        "packaging": {
            "hashes": [
                "sha256:dd47c42927d89ab911e606518907cc2d3a1f38bbd026385970643f9c5b8ecfeb",
                "sha256:ef103e05f519cdc783ae24ea4e2e0f508a9c99b2d4969652eed6a2e1ea5bd522"
            ],
            "markers": "python_full_version >= '3.6.0'",
            "version": "==21.3"
        },
        "pathspec": {
            "hashes": [
                "sha256:7d15c4ddb0b5c802d161efc417ec1a2558ea2653c2e8ad9c19098201dc1c993a",
                "sha256:e564499435a2673d586f6b2130bb5b95f04a3ba06f81b8f895b651a3c76aabb1"
            ],
            "version": "==0.9.0"
        },
        "platformdirs": {
            "hashes": [
                "sha256:7535e70dfa32e84d4b34996ea99c5e432fa29a708d0f4e394bbcb2a8faa4f16d",
                "sha256:bcae7cab893c2d310a711b70b24efb93334febe65f8de776ee320b517471e227"
            ],
            "markers": "python_version >= '3.7'",
            "version": "==2.5.1"
        },
        "pluggy": {
            "hashes": [
                "sha256:4224373bacce55f955a878bf9cfa763c1e360858e330072059e10bad68531159",
                "sha256:74134bbf457f031a36d68416e1509f34bd5ccc019f0bcc952c7b909d06b37bd3"
            ],
            "markers": "python_full_version >= '3.6.0'",
            "version": "==1.0.0"
        },
        "py": {
            "hashes": [
                "sha256:51c75c4126074b472f746a24399ad32f6053d1b34b68d2fa41e558e6f4a98719",
                "sha256:607c53218732647dff4acdfcd50cb62615cedf612e72d1724fb1a0cc6405b378"
            ],
            "markers": "python_version >= '2.7' and python_version not in '3.0, 3.1, 3.2, 3.3, 3.4'",
            "version": "==1.11.0"
        },
        "pyparsing": {
            "hashes": [
                "sha256:18ee9022775d270c55187733956460083db60b37d0d0fb357445f3094eed3eea",
                "sha256:a6c06a88f252e6c322f65faf8f418b16213b51bdfaece0524c1c1bc30c63c484"
            ],
            "markers": "python_full_version >= '3.6.0'",
            "version": "==3.0.7"
        },
        "pytest": {
            "hashes": [
                "sha256:841132caef6b1ad17a9afde46dc4f6cfa59a05f9555aae5151f73bdf2820ca63",
                "sha256:92f723789a8fdd7180b6b06483874feca4c48a5c76968e03bb3e7f806a1869ea"
            ],
            "index": "pypi",
            "version": "==7.1.1"
        },
        "pytest-asyncio": {
            "hashes": [
                "sha256:20db0bdd3d7581b2e11f5858a5d9541f2db9cd8c5853786f94ad273d466c8c6d",
                "sha256:fc8e4190f33fee7797cc7f1829f46a82c213f088af5d1bb5d4e454fe87e6cdc2"
            ],
            "index": "pypi",
            "version": "==0.18.2"
        },
        "pytype": {
            "hashes": [
                "sha256:0f319c275b7109b5afc8ddf54b8e7be6672f33a779e615994211ded971779a17",
                "sha256:157c37f837e5315a0f9fd600ac2b17d7b3494ebdbe4c92ac744842aa0b11627f",
                "sha256:1fa2626f395db00aaded4adf766d204accd6751772682a1463f91569c9d7d44b",
                "sha256:3db1ba433e552cfd17c407a83382d5ad2ea746919cdcaeef50e9fc51ce4103e4",
                "sha256:4a10a6e088951f7eb5f8f11c8894359e1c570aa274343a27cd7f0d270a30e962",
                "sha256:50ff54da342e6ddd0836f62739f5a4029e25aaa0d521dd565e74bdc3a2d16e38",
                "sha256:6c9c5c7b15c3338fcdf0233891cbe6a834793dcb0c3cc153bf9fe8f4dc9a0acd",
                "sha256:90b6e46faa07f017f32f7326332da12f25ada4ffc528cdda1944b0be260af324",
                "sha256:c3bd1683cf42c88a9df9127cf26a2fecd6ec9d43b2bc3e9c8f8a1be6d2048be7",
                "sha256:d37e169e0d680da6ba702d2c21137924baec7b6f31148a2c2f8aed453e067d91"
            ],
            "index": "pypi",
            "version": "==2022.3.8"
        },
        "pyyaml": {
            "hashes": [
                "sha256:0283c35a6a9fbf047493e3a0ce8d79ef5030852c51e9d911a27badfde0605293",
                "sha256:055d937d65826939cb044fc8c9b08889e8c743fdc6a32b33e2390f66013e449b",
                "sha256:07751360502caac1c067a8132d150cf3d61339af5691fe9e87803040dbc5db57",
                "sha256:0b4624f379dab24d3725ffde76559cff63d9ec94e1736b556dacdfebe5ab6d4b",
                "sha256:0ce82d761c532fe4ec3f87fc45688bdd3a4c1dc5e0b4a19814b9009a29baefd4",
                "sha256:1e4747bc279b4f613a09eb64bba2ba602d8a6664c6ce6396a4d0cd413a50ce07",
                "sha256:213c60cd50106436cc818accf5baa1aba61c0189ff610f64f4a3e8c6726218ba",
                "sha256:231710d57adfd809ef5d34183b8ed1eeae3f76459c18fb4a0b373ad56bedcdd9",
                "sha256:277a0ef2981ca40581a47093e9e2d13b3f1fbbeffae064c1d21bfceba2030287",
                "sha256:2cd5df3de48857ed0544b34e2d40e9fac445930039f3cfe4bcc592a1f836d513",
                "sha256:40527857252b61eacd1d9af500c3337ba8deb8fc298940291486c465c8b46ec0",
                "sha256:473f9edb243cb1935ab5a084eb238d842fb8f404ed2193a915d1784b5a6b5fc0",
                "sha256:48c346915c114f5fdb3ead70312bd042a953a8ce5c7106d5bfb1a5254e47da92",
                "sha256:50602afada6d6cbfad699b0c7bb50d5ccffa7e46a3d738092afddc1f9758427f",
                "sha256:68fb519c14306fec9720a2a5b45bc9f0c8d1b9c72adf45c37baedfcd949c35a2",
                "sha256:77f396e6ef4c73fdc33a9157446466f1cff553d979bd00ecb64385760c6babdc",
                "sha256:819b3830a1543db06c4d4b865e70ded25be52a2e0631ccd2f6a47a2822f2fd7c",
                "sha256:897b80890765f037df3403d22bab41627ca8811ae55e9a722fd0392850ec4d86",
                "sha256:98c4d36e99714e55cfbaaee6dd5badbc9a1ec339ebfc3b1f52e293aee6bb71a4",
                "sha256:9df7ed3b3d2e0ecfe09e14741b857df43adb5a3ddadc919a2d94fbdf78fea53c",
                "sha256:9fa600030013c4de8165339db93d182b9431076eb98eb40ee068700c9c813e34",
                "sha256:a80a78046a72361de73f8f395f1f1e49f956c6be882eed58505a15f3e430962b",
                "sha256:b3d267842bf12586ba6c734f89d1f5b871df0273157918b0ccefa29deb05c21c",
                "sha256:b5b9eccad747aabaaffbc6064800670f0c297e52c12754eb1d976c57e4f74dcb",
                "sha256:c5687b8d43cf58545ade1fe3e055f70eac7a5a1a0bf42824308d868289a95737",
                "sha256:cba8c411ef271aa037d7357a2bc8f9ee8b58b9965831d9e51baf703280dc73d3",
                "sha256:d15a181d1ecd0d4270dc32edb46f7cb7733c7c508857278d3d378d14d606db2d",
                "sha256:d4db7c7aef085872ef65a8fd7d6d09a14ae91f691dec3e87ee5ee0539d516f53",
                "sha256:d4eccecf9adf6fbcc6861a38015c2a64f38b9d94838ac1810a9023a0609e1b78",
                "sha256:d67d839ede4ed1b28a4e8909735fc992a923cdb84e618544973d7dfc71540803",
                "sha256:daf496c58a8c52083df09b80c860005194014c3698698d1a57cbcfa182142a3a",
                "sha256:e61ceaab6f49fb8bdfaa0f92c4b57bcfbea54c09277b1b4f7ac376bfb7a7c174",
                "sha256:f84fbc98b019fef2ee9a1cb3ce93e3187a6df0b2538a651bfb890254ba9f90b5"
            ],
            "markers": "python_full_version >= '3.6.0'",
            "version": "==6.0"
        },
        "sanitized-package": {
            "editable": true,
            "extras": [
                "dev"
            ],
            "path": "."
        },
        "six": {
            "hashes": [
                "sha256:1e61c37477a1626458e36f7b1d82aa5c9b094fa4802892072e49de9c60c4c926",
                "sha256:8abb2f1d86890a2dfb989f9a77cfcfd3e47c2a354b01111771326f8aa26e0254"
            ],
            "markers": "python_version >= '2.7' and python_version not in '3.0, 3.1, 3.2, 3.3'",
            "version": "==1.16.0"
        },
        "tabulate": {
            "hashes": [
                "sha256:d7c013fe7abbc5e491394e10fa845f8f32fe54f8dc60c6622c6cf482d25d47e4",
                "sha256:eb1d13f25760052e8931f2ef80aaf6045a6cceb47514db8beab24cded16f13a7"
            ],
            "version": "==0.8.9"
        },
        "toml": {
            "hashes": [
                "sha256:806143ae5bfb6a3c6e736a764057db0e6a0e05e338b5630894a5f779cabb4f9b",
                "sha256:b3bda1d108d5dd99f4a20d24d9c348e91c4db7ab1b749200bded2f839ccbe68f"
            ],
            "markers": "python_version >= '2.6' and python_version not in '3.0, 3.1, 3.2, 3.3'",
            "version": "==0.10.2"
        },
        "tomli": {
            "hashes": [
                "sha256:939de3e7a6161af0c887ef91b7d41a53e7c5a1ca976325f429cb46ea9bc30ecc",
                "sha256:de526c12914f0c550d15924c62d72abc48d6fe7364aa87328337a31007fe8a4f"
            ],
            "markers": "python_version >= '3.7'",
            "version": "==2.0.1"
        },
        "tox": {
            "hashes": [
                "sha256:67e0e32c90e278251fea45b696d0fef3879089ccbe979b0c556d35d5a70e2993",
                "sha256:be3362472a33094bce26727f5f771ca0facf6dafa217f65875314e9a6600c95c"
            ],
            "index": "pypi",
            "version": "==3.24.5"
        },
        "typing-extensions": {
            "hashes": [
                "sha256:1a9462dcc3347a79b1f1c0271fbe79e844580bb598bafa1ed208b94da3cdcd42",
                "sha256:21c85e0fe4b9a155d0799430b0ad741cdce7e359660ccbd8b530613e8df88ce2"
            ],
            "markers": "python_version < '3.10'",
            "version": "==4.1.1"
        },
        "typing-inspect": {
            "hashes": [
                "sha256:047d4097d9b17f46531bf6f014356111a1b6fb821a24fe7ac909853ca2a782aa",
                "sha256:3cd7d4563e997719a710a3bfe7ffb544c6b72069b6812a02e9b414a8fa3aaa6b",
                "sha256:b1f56c0783ef0f25fb064a01be6e5407e54cf4a4bf4f3ba3fe51e0bd6dcea9e5"
            ],
            "version": "==0.7.1"
        },
        "uharfbuzz": {
            "hashes": [
                "sha256:00f26fcd3f006b67dc20f8f1cdcf15b3410a25946b91eb21c540949bdaeefbea",
                "sha256:04ef62d67c78b77756ecc36e5b5db23855403c5d44f920d2f46f725385a84882",
                "sha256:0ebb8e5e4a9f49e28aad31fb12101d2317ea69675d15a917944aa5c435c10100",
                "sha256:12a157bd2681227b4090bf9632e9abd956b861c8dc21a3b9abe6de385ace5ed0",
                "sha256:20981bddab3dee2a3ca91aae631ace992621ffcfac8c9584a75c067f1c45c573",
                "sha256:23e280c2083d72ea5a9d36e2d85fb565c514f5fca823344a7d767f9e530e2afa",
                "sha256:2b8fa1e4e944910924558ef1408ee6a54e18e6261bffda88abdc3308f2102ee0",
                "sha256:2c415318cc5b6c9d41fae5fd2119ce93272da854540771794a54505418e42175",
                "sha256:2c4bdf22c2b9d451bdfd40fd5977ac7fef28a3dab9f0065bfb6bc1a493da163c",
                "sha256:317af35033ea4f0c530bfce180b85c6e55c2c3a05c71b1f99a197d9df0c3689e",
                "sha256:361ad1c018b4f36569cd07030d69dd27ad6462f214b98c67b3b0a86031fbea9a",
                "sha256:41275cd838a764c37b1a4cbcdeb1ccf19f8d710c276ad1f0ebb625a27fd079dc",
                "sha256:46c456a3a23efe69d2298fe65964be0ac98e2d5dddf1aa97fa01f7bc413972c9",
                "sha256:4c3bb2d43c2d3074b2c29b2f5963fa30f901bc7837cf8412ccf2b7f4929ae46b",
                "sha256:4e44632866da677d63d9701358bac313ac83dd28e22766a8eba7b4527c23f452",
                "sha256:4f1b91f35c4232dd0a632bd098778ae50f97402898886a7247dc0513b980ebf8",
                "sha256:554dbbbfc8b9459615e19c2211536db5af72abd80e8e27657a6356e035550a62",
                "sha256:58a90dfdbe7aa0624466f911e2cf68a62d2e7e86656e1c9975709b9246ed20b7",
                "sha256:65b257aefeb6868b07896ed9f0e2a189545c26f0ca928977de8bbd01f827c0c9",
                "sha256:6e5d903099a467c380aa8b8e832fb684a95e28192c6bc1860d00ee5d9242bae0",
                "sha256:7373230474a09f3b112b7bf112b96208dd16f4bb6ef8e4bee3c748e9eb0bef6d",
                "sha256:7d0861335347d5337bf73e9e562f9748655c49ba62f3365149d87b5a14af2f09",
                "sha256:8153da1b2985431c8202d123382bc8315692c199c72babecc13c20e17c1a8b2d",
                "sha256:82b68867fffd78d84e664ee872a193a897a35f398e40095ede7759456da4ebb6",
                "sha256:8c23ba9d9f7c78d9cb33cd822e574a726f0ef2135ca506e1ba7de83bb9f4c739",
                "sha256:9b19f0fdbc956c3519ccad1e0ac0750edd8f37001697f75550f161185ba6a8d0",
                "sha256:9c84d4cbe5989d5b9c5153e7818cb572158544bbfd3a4641eca05e30d75d0158",
                "sha256:aaaf91518ff8f3b7f363fc79621fee6c3bdd9785ce8573f01ae20845d84730aa",
                "sha256:c1f05b6f5d4ea7d27d4d0af23b0a19a5cdefc5a7395ff1898c4e5dd4b692f72a",
                "sha256:ce0df18a78fb21b76fb32dc8722e19ff6ee03110acafda0d630d98665dceb9d8",
                "sha256:d1660324efea821cfe9962fef175f36fe1725b653a3bd48a08743dab03f4e9b8",
                "sha256:f513cc4c2c05a7070ea2374401a1a30bde51faefefb0070423d8c02a921cc795",
                "sha256:ff67f2b5a28072fe907c1adac1e0cd22f86c77a9e654628921bb9f6b7c7d130e"
            ],
            "markers": "python_version >= '3.5'",
            "version": "==0.22.0"
        },
        "virtualenv": {
            "hashes": [
                "sha256:dd448d1ded9f14d1a4bfa6bfc0c5b96ae3be3f2d6c6c159b23ddcfd701baa021",
                "sha256:e9dd1a1359d70137559034c0f5433b34caf504af2dc756367be86a5a32967134"
            ],
            "markers": "python_version >= '2.7' and python_version not in '3.0, 3.1, 3.2, 3.3, 3.4'",
            "version": "==20.13.3"
        },
        "zopfli": {
            "hashes": [
                "sha256:0190633ca26568f6fa810af9b7c108279d5f565a8aca1224333ff732f565086d",
                "sha256:0f052a07a6fb6b7bf87ed30a099187597eb594a8a573a4426c16a6a852a05d86",
                "sha256:0f45111b31f32aef070be180433fec5de548dc87caf92c5c304d1e3642b12815",
                "sha256:195209711463a399f0c252b34042d8027f3b41dcb646fc112551cfaef507eab4",
                "sha256:2442b99067229d786aa9f9b86976db1ba9602c1b204f361d2901d1bbcaca3441",
                "sha256:28a103434694ce35cbe4f2380e18077052a78f1a0de061b3c8f1bd35b54c2822",
                "sha256:29357c34b8de35c05dd04d8706393bfa09b2dd8bb7a331cc5e98e2b8d39d2efd",
                "sha256:2cd55bf9952884f3c0a3a32f95e5ba5fb0e1f371c9b1a99ed41351c1e00f4700",
                "sha256:2f61ecd57bc47684c44a60e8cecb8e67f633cf238f30cc255627e172119ad72d",
                "sha256:338c7b2bba06ff60a73f724b7e1c8a16a5aebe9155edf58cf69b4ff7cb0b46f6",
                "sha256:3663d25419476b9e999e12ab8f6f5f8d39079bf536947da2cb5f3e45491db6f4",
                "sha256:37071a3dd5ec0c7f27a1f440d6f50ed8171665e7e3b6ae9a6228e6c48d21570c",
                "sha256:38b1928a5fc5c706ec90aa833ffb5f4512bf886fe41c1b30a95edf7fb09544d6",
                "sha256:51537999c2114a68b1c0fac8f7ab2a05e4251d778b568213f1666f04feb79e1c",
                "sha256:58b2bd497273e1344098370d959f837ec1d18bae9bfafad8f4e4a2802cbbf049",
                "sha256:5ee224ec851b4b53042ff6ad6e81712c8c9aa18396396acb024fe5a65c6bb8f1",
                "sha256:5fa38b9bb6636fd11b3348dfd6aee4839e71145c3aebc76de4ba44886ec9fd6e",
                "sha256:5ffcdc5ee695da73990f7806f8f1dd9a6d99d338bbe54d08fb3aaa55c9603e27",
                "sha256:683c2d521553aa8ca4526c911d419d37223db298f76048ce920aded18ae060cb",
                "sha256:7b189d80aeedb986d226e966df9e13fe8ccc28352d9d5c6c1bd3ac208aa79769",
                "sha256:7c829c577f976b05e4ec583da4f48f31448db97b9f7b65c438d45ba7893aa2a7",
                "sha256:7e2b47662632809d7035f4fc16edbe141c4538158ad74eb3c47532b8bedb8277",
                "sha256:890a83502bb5dff27b1e2b829f8b879d9b7c1383d20a68dc13f0de71da4ff604",
                "sha256:8a40d9d113902aea0de370dce115051cf9cae4767b50af4fdde66d931b9bcae5",
                "sha256:8bc92b4008854afa465d647be5ae51b01788ec47cfd10a362dcc865ff898c473",
                "sha256:95a7ca4571797375b1fa924858cda344767621ef70a43b1b2c0b116e275f42b2",
                "sha256:9e123bfb16cf86ef5abda375012a97c7d00d989b3519d785ca298326f671a81b",
                "sha256:a8ca5b541544a7b959fdf5a8f614c52a31002e4be489663d835aadeef3473cb0",
                "sha256:a9def54c90edd112f785b07a812005ab374e7d0aaf50ecac900ca0c51adab3e7",
                "sha256:aa11904718fd27b2ccadf0ac88c1ca0b96ba67ad0c3c2bd584f85de060d04534",
                "sha256:aa18771d1d76c09d2ec2c859b6c55fdad29d2511549b4225437194aca102ad3c",
                "sha256:b25540fee3d54e0fb627f911f7e1bed79611ea09aa048708777a34f6f1ac9b70",
                "sha256:b882f85b13c47eb19e7f07bccac7564701424ed5ec6d7ba8886ad6de04110e21",
                "sha256:ba4001a8c798a9bb2a59bb30284acd604e0c702477dce69b7fde35a50e55a95b",
                "sha256:bbcdbfe93dad34f0e30f166092ffdf95e564e415b29732a6f6a52def7bb1c4d3",
                "sha256:c5d722b2bfde6dbfbda548e7f6b5b50b57ee06f334b055be24d9bbcdbee60e84",
                "sha256:c993919cd01ea5c4b0134908bbd59321d9bdbb9085aa30c538fa1289745fe52f",
                "sha256:c9b9f73d99080ca2d79600683b8be3395d46a386b4e1d351c6ed6dc261d267e9",
                "sha256:cfffa5ad327585754f811fd49518d7170d200ba7888c49ae8629ae94c6c4a77d",
                "sha256:d067f39d72f364ae94a118df3b4cf2db8a9f53625f497ad0f04bf91ea8720db0",
                "sha256:d8457452a9151b56f17bbb9af57a4764fb41958ab84bf808e3296aefb6e61bca",
                "sha256:dbf30730f169bbe77b2b6e000bf8b486559e8a36e6ab82f2471d75be4661e6bc",
                "sha256:e5263d2806e2c1ccb23f52b2972a235d31d42f22f3fa3032cc9aded51e9bf2c6",
                "sha256:e9091778e9e0dbbded72c389eace553153102acc9da560870d9d0845c8547a8d",
                "sha256:f04a2cf50797dfa6fa954dd24de533f471542aa1923b89381a046a936bcbdcc5",
                "sha256:faf26674e52a957b8fd76e955b6d89215265f4b8c7e13abf834c84a8e23def9d",
                "sha256:fd917247bb0489c924d74186075cf0a2d7d06b3b1413197f9f6ee8fcbd0263a0",
                "sha256:fe9c9276edafb8746c01be15e5d702dcdab41062e2f7fb8af1dd8fa51a18b717"
            ],
            "version": "==0.2.1"
        }
    }
}
