{
    "_meta": {
        "hash": {
            "sha256": "f24a1da0ea0fdf333f667a0cb23690b976ff1b45d16776c664aff19406dc3a29"
        },
        "pipfile-spec": 6,
        "requires": {
            "python_version": "3.8"
        },
        "sources": [
            {
                "name": "pypi",
                "url": "https://pypi.org/simple",
                "verify_ssl": true
            }
        ]
    },
    "default": {
        "brotli": {
            "hashes": [
                "sha256:12effe280b8ebfd389022aa65114e30407540ccb89b177d3fbc9a4f177c4bd5d",
                "sha256:160c78292e98d21e73a4cc7f76a234390e516afcd982fa17e1422f7c6a9ce9c8",
                "sha256:16d528a45c2e1909c2798f27f7bf0a3feec1dc9e50948e738b961618e38b6a7b",
                "sha256:19598ecddd8a212aedb1ffa15763dd52a388518c4550e615aed88dc3753c0f0c",
                "sha256:1c48472a6ba3b113452355b9af0a60da5c2ae60477f8feda8346f8fd48e3e87c",
                "sha256:268fe94547ba25b58ebc724680609c8ee3e5a843202e9a381f6f9c5e8bdb5c70",
                "sha256:269a5743a393c65db46a7bb982644c67ecba4b8d91b392403ad8a861ba6f495f",
                "sha256:26d168aac4aaec9a4394221240e8a5436b5634adc3cd1cdf637f6645cecbf181",
                "sha256:29d1d350178e5225397e28ea1b7aca3648fcbab546d20e7475805437bfb0a130",
                "sha256:2aad0e0baa04517741c9bb5b07586c642302e5fb3e75319cb62087bd0995ab19",
                "sha256:3496fc835370da351d37cada4cf744039616a6db7d13c430035e901443a34daa",
                "sha256:35a3edbe18e876e596553c4007a087f8bcfd538f19bc116917b3c7522fca0429",
                "sha256:3b78a24b5fd13c03ee2b7b86290ed20efdc95da75a3557cc06811764d5ad1126",
                "sha256:40d15c79f42e0a2c72892bf407979febd9cf91f36f495ffb333d1d04cebb34e4",
                "sha256:44bb8ff420c1d19d91d79d8c3574b8954288bdff0273bf788954064d260d7ab0",
                "sha256:4688c1e42968ba52e57d8670ad2306fe92e0169c6f3af0089be75bbac0c64a3b",
                "sha256:495ba7e49c2db22b046a53b469bbecea802efce200dffb69b93dd47397edc9b6",
                "sha256:4d1b810aa0ed773f81dceda2cc7b403d01057458730e309856356d4ef4188438",
                "sha256:503fa6af7da9f4b5780bb7e4cbe0c639b010f12be85d02c99452825dd0feef3f",
                "sha256:56d027eace784738457437df7331965473f2c0da2c70e1a1f6fdbae5402e0389",
                "sha256:5913a1177fc36e30fcf6dc868ce23b0453952c78c04c266d3149b3d39e1410d6",
                "sha256:5b6ef7d9f9c38292df3690fe3e302b5b530999fa90014853dcd0d6902fb59f26",
                "sha256:5cb1e18167792d7d21e21365d7650b72d5081ed476123ff7b8cac7f45189c0c7",
                "sha256:61a7ee1f13ab913897dac7da44a73c6d44d48a4adff42a5701e3239791c96e14",
                "sha256:622a231b08899c864eb87e85f81c75e7b9ce05b001e59bbfbf43d4a71f5f32b2",
                "sha256:68715970f16b6e92c574c30747c95cf8cf62804569647386ff032195dc89a430",
                "sha256:6b2ae9f5f67f89aade1fab0f7fd8f2832501311c363a21579d02defa844d9296",
                "sha256:6c772d6c0a79ac0f414a9f8947cc407e119b8598de7621f39cacadae3cf57d12",
                "sha256:6d847b14f7ea89f6ad3c9e3901d1bc4835f6b390a9c71df999b0162d9bb1e20f",
                "sha256:76ffebb907bec09ff511bb3acc077695e2c32bc2142819491579a695f77ffd4d",
                "sha256:7bbff90b63328013e1e8cb50650ae0b9bac54ffb4be6104378490193cd60f85a",
                "sha256:7cb81373984cc0e4682f31bc3d6be9026006d96eecd07ea49aafb06897746452",
                "sha256:7ee83d3e3a024a9618e5be64648d6d11c37047ac48adff25f12fa4226cf23d1c",
                "sha256:854c33dad5ba0fbd6ab69185fec8dab89e13cda6b7d191ba111987df74f38761",
                "sha256:85f7912459c67eaab2fb854ed2bc1cc25772b300545fe7ed2dc03954da638649",
                "sha256:87fdccbb6bb589095f413b1e05734ba492c962b4a45a13ff3408fa44ffe6479b",
                "sha256:88c63a1b55f352b02c6ffd24b15ead9fc0e8bf781dbe070213039324922a2eea",
                "sha256:8a674ac10e0a87b683f4fa2b6fa41090edfd686a6524bd8dedbd6138b309175c",
                "sha256:93130612b837103e15ac3f9cbacb4613f9e348b58b3aad53721d92e57f96d46a",
                "sha256:9744a863b489c79a73aba014df554b0e7a0fc44ef3f8a0ef2a52919c7d155031",
                "sha256:9749a124280a0ada4187a6cfd1ffd35c350fb3af79c706589d98e088c5044267",
                "sha256:97f715cf371b16ac88b8c19da00029804e20e25f30d80203417255d239f228b5",
                "sha256:9bf919756d25e4114ace16a8ce91eb340eb57a08e2c6950c3cebcbe3dff2a5e7",
                "sha256:9d12cf2851759b8de8ca5fde36a59c08210a97ffca0eb94c532ce7b17c6a3d1d",
                "sha256:9ed4c92a0665002ff8ea852353aeb60d9141eb04109e88928026d3c8a9e5433c",
                "sha256:a72661af47119a80d82fa583b554095308d6a4c356b2a554fdc2799bc19f2a43",
                "sha256:afde17ae04d90fbe53afb628f7f2d4ca022797aa093e809de5c3cf276f61bbfa",
                "sha256:b336c5e9cf03c7be40c47b5fd694c43c9f1358a80ba384a21969e0b4e66a9b17",
                "sha256:b663f1e02de5d0573610756398e44c130add0eb9a3fc912a09665332942a2efb",
                "sha256:b83bb06a0192cccf1eb8d0a28672a1b79c74c3a8a5f2619625aeb6f28b3a82bb",
                "sha256:c2415d9d082152460f2bd4e382a1e85aed233abc92db5a3880da2257dc7daf7b",
                "sha256:c83aa123d56f2e060644427a882a36b3c12db93727ad7a7b9efd7d7f3e9cc2c4",
                "sha256:cfc391f4429ee0a9370aa93d812a52e1fee0f37a81861f4fdd1f4fb28e8547c3",
                "sha256:db844eb158a87ccab83e868a762ea8024ae27337fc7ddcbfcddd157f841fdfe7",
                "sha256:defed7ea5f218a9f2336301e6fd379f55c655bea65ba2476346340a0ce6f74a1",
                "sha256:e16eb9541f3dd1a3e92b89005e37b1257b157b7256df0e36bd7b33b50be73bcb",
                "sha256:e23281b9a08ec338469268f98f194658abfb13658ee98e2b7f85ee9dd06caa91",
                "sha256:e2d9e1cbc1b25e22000328702b014227737756f4b5bf5c485ac1d8091ada078b",
                "sha256:e48f4234f2469ed012a98f4b7874e7f7e173c167bed4934912a29e03167cf6b1",
                "sha256:e4c4e92c14a57c9bd4cb4be678c25369bf7a092d55fd0866f759e425b9660806",
                "sha256:ec1947eabbaf8e0531e8e899fc1d9876c179fc518989461f5d24e2223395a9e3",
                "sha256:f909bbbc433048b499cb9db9e713b5d8d949e8c109a2a548502fb9aa8630f0b1"
            ],
            "version": "==1.0.9"
        },
        "east-asian-spacing": {
            "hashes": [
                "sha256:b87a466b8516a7e50f3c85ce142c297b554a73c73f38a07932702432687d5265",
                "sha256:f1714dbb55bd6d28d45c7987df6450540612112568b2dbd0893ccae90ce04d51"
            ],
            "index": "pypi",
            "version": "==1.4.1"
        },
        "fonttools": {
            "extras": [
                "woff"
            ],
            "hashes": [
                "sha256:c0fdcfa8ceebd7c1b2021240bd46ef77aa8e7408cf10434be55df52384865f8e",
                "sha256:f829c579a8678fa939a1d9e9894d01941db869de44390adb49ce67055a06cc2a"
            ],
            "markers": "python_version >= '3.7'",
            "version": "==4.33.3"
        },
        "uharfbuzz": {
            "hashes": [
                "sha256:007013188f32c235d5036e1cdcac633c295da8cf5d25991cfd49c5bca84ce242",
                "sha256:08f2f853432b87e81417de61163d1d6e8f138d7b0935dbe1be91678c95f91056",
                "sha256:09ebe74579c562455956c32b6fdcfa28e435aca49a5da20cb857b085c5c97629",
                "sha256:0f0c5a9de0a92e5b97ed3fbc2b9b3b3f8e873a0ba1a283271c4bf62a283f852f",
                "sha256:142d0f2a9a2252a3d05d2ef9b15796b1eee31ac5d03c1eb5e7e492fd04475cd0",
                "sha256:1a85caa9203cb6a916d6dee60cc56e1980f6e65e50a78ef0c7de286e4a7e644d",
                "sha256:1c1c8dee9cd1c735a09ee8a6e0b8a702d34c15aff1e4e5c8ba8494a2a7eeb134",
                "sha256:1c38704094466e12c487dfc98850b2180d787a683104cb7d8de65a230af48329",
                "sha256:2833b18a2a6d6d1748e64ba375abe4d11f62e2489165fdce572708e334ff288c",
                "sha256:3a6dc27fd0f447c25579685585959499b835b99ae060b9aa220d58a312e2b583",
                "sha256:48a4d6662df25aae5619b4a776c421db8405c29593d821e938cfb9da1448bd4c",
                "sha256:52ddebb39c02bfcd0c7fa3adf2e8947ae20c29ac6d3474d510293d320f6e7f77",
                "sha256:537d792c1a58a2d1589608ed9e2c0d529357ac42d8349882d0d96ddff82e5be3",
                "sha256:6e5b0b4f259fef5aa845df17037886415f858a1329bf6b32e6265ff33e0d6f23",
                "sha256:6f6dcedb0cebb73411944301502fa432518042f671546b373e35ab9c3faa79fe",
                "sha256:80066fa003a1995e4f1c5f529e1aef25b4de88dbfbadeef8bfecfec3e7737d44",
                "sha256:97b1e43542935709b825ce5e6b15defc672a3fae2a04699017ea46388e7ef447",
                "sha256:9e5d97677509b97f9a7190e17e425af873f734453f5f71014b473edbe95f55b6",
                "sha256:a354d9b8429051db901cae0b4713bcd30e794edc8a9d20ca7d4ee182e9ad24c6",
                "sha256:a7695154f78442867d0889605fe84f908c6e7961dff045869fa82a706f3f0f1f",
                "sha256:a95460149588098e608a33910199fbb46d413b1d042a338852727c5f339f806f",
                "sha256:af18ffb6d9cdb9fd1b4e823ecebceb50fc63d2b9e7a5e51dee425868a38b61ca",
                "sha256:b8572e4a4ee237850dfa36ba7f0163da729a9ba481bab71947a8123123d080a9",
                "sha256:bfc64a82a5afce72b14b5c540b0960b44b208d1be1cf5eee9c8eec55fbd4fb1c",
                "sha256:c1fb1c6c7a7c59974780f4b21ab948d782fa2daaa455597e882a78297d70879b",
                "sha256:c5606aa3e215889ee732beb455aad8c2329cb7ed51507cc4fe3a63c1fb6d187d",
                "sha256:c8b93e08c302d766238ecf427971a3d012c69f9b0f2be1aa743d583b68cb3258",
                "sha256:ccee61a5391e0a1a7484a225b659401c06fdba21a0a865d9efe91eae51631ff4",
                "sha256:d0e91572283bbf2c91e444e9a3cb2c2dab4c8b22f8efc06754a20b74c5647894",
                "sha256:d1f5157de05f7894d3311107c65be6e387dfee5c5198832dd8070ea45aa06fea",
                "sha256:d513ed04361f2546c065c3991f7e11f92e322bcf45b8809d348af2fa9f45c0e4",
                "sha256:d9f2f7bbb96193f9ef77cc43f36300fcaa4d959ab8c764d5696d0f157d238f36",
                "sha256:df14b251f3d61cecade8a4ae31052215c8a3a868d689dc157bc0fc070750f597",
                "sha256:e6c315e1b98796dd7c3cb0d5c31e8e824abd881c9fd85e9cb4d80d3bd105678c",
                "sha256:fd92b98bb240762d74daf478b6553f2fadd7cbbc5301b69f4470da422e4298d5",
                "sha256:fee5cae233401856c79299511109f627ff39284380fad67a3e4d65ac66b06d6f"
            ],
            "markers": "python_version >= '3.5'",
            "version": "==0.26.0"
        },
        "zopfli": {
            "hashes": [
                "sha256:0190633ca26568f6fa810af9b7c108279d5f565a8aca1224333ff732f565086d",
                "sha256:0f052a07a6fb6b7bf87ed30a099187597eb594a8a573a4426c16a6a852a05d86",
                "sha256:0f45111b31f32aef070be180433fec5de548dc87caf92c5c304d1e3642b12815",
                "sha256:195209711463a399f0c252b34042d8027f3b41dcb646fc112551cfaef507eab4",
                "sha256:2442b99067229d786aa9f9b86976db1ba9602c1b204f361d2901d1bbcaca3441",
                "sha256:28a103434694ce35cbe4f2380e18077052a78f1a0de061b3c8f1bd35b54c2822",
                "sha256:29357c34b8de35c05dd04d8706393bfa09b2dd8bb7a331cc5e98e2b8d39d2efd",
                "sha256:2cd55bf9952884f3c0a3a32f95e5ba5fb0e1f371c9b1a99ed41351c1e00f4700",
                "sha256:2f61ecd57bc47684c44a60e8cecb8e67f633cf238f30cc255627e172119ad72d",
                "sha256:338c7b2bba06ff60a73f724b7e1c8a16a5aebe9155edf58cf69b4ff7cb0b46f6",
                "sha256:3663d25419476b9e999e12ab8f6f5f8d39079bf536947da2cb5f3e45491db6f4",
                "sha256:37071a3dd5ec0c7f27a1f440d6f50ed8171665e7e3b6ae9a6228e6c48d21570c",
                "sha256:38b1928a5fc5c706ec90aa833ffb5f4512bf886fe41c1b30a95edf7fb09544d6",
                "sha256:51537999c2114a68b1c0fac8f7ab2a05e4251d778b568213f1666f04feb79e1c",
                "sha256:58b2bd497273e1344098370d959f837ec1d18bae9bfafad8f4e4a2802cbbf049",
                "sha256:5ee224ec851b4b53042ff6ad6e81712c8c9aa18396396acb024fe5a65c6bb8f1",
                "sha256:5fa38b9bb6636fd11b3348dfd6aee4839e71145c3aebc76de4ba44886ec9fd6e",
                "sha256:5ffcdc5ee695da73990f7806f8f1dd9a6d99d338bbe54d08fb3aaa55c9603e27",
                "sha256:683c2d521553aa8ca4526c911d419d37223db298f76048ce920aded18ae060cb",
                "sha256:7b189d80aeedb986d226e966df9e13fe8ccc28352d9d5c6c1bd3ac208aa79769",
                "sha256:7c829c577f976b05e4ec583da4f48f31448db97b9f7b65c438d45ba7893aa2a7",
                "sha256:7e2b47662632809d7035f4fc16edbe141c4538158ad74eb3c47532b8bedb8277",
                "sha256:890a83502bb5dff27b1e2b829f8b879d9b7c1383d20a68dc13f0de71da4ff604",
                "sha256:8a40d9d113902aea0de370dce115051cf9cae4767b50af4fdde66d931b9bcae5",
                "sha256:8bc92b4008854afa465d647be5ae51b01788ec47cfd10a362dcc865ff898c473",
                "sha256:95a7ca4571797375b1fa924858cda344767621ef70a43b1b2c0b116e275f42b2",
                "sha256:9e123bfb16cf86ef5abda375012a97c7d00d989b3519d785ca298326f671a81b",
                "sha256:a8ca5b541544a7b959fdf5a8f614c52a31002e4be489663d835aadeef3473cb0",
                "sha256:a9def54c90edd112f785b07a812005ab374e7d0aaf50ecac900ca0c51adab3e7",
                "sha256:aa11904718fd27b2ccadf0ac88c1ca0b96ba67ad0c3c2bd584f85de060d04534",
                "sha256:aa18771d1d76c09d2ec2c859b6c55fdad29d2511549b4225437194aca102ad3c",
                "sha256:b25540fee3d54e0fb627f911f7e1bed79611ea09aa048708777a34f6f1ac9b70",
                "sha256:b882f85b13c47eb19e7f07bccac7564701424ed5ec6d7ba8886ad6de04110e21",
                "sha256:ba4001a8c798a9bb2a59bb30284acd604e0c702477dce69b7fde35a50e55a95b",
                "sha256:bbcdbfe93dad34f0e30f166092ffdf95e564e415b29732a6f6a52def7bb1c4d3",
                "sha256:c5d722b2bfde6dbfbda548e7f6b5b50b57ee06f334b055be24d9bbcdbee60e84",
                "sha256:c993919cd01ea5c4b0134908bbd59321d9bdbb9085aa30c538fa1289745fe52f",
                "sha256:c9b9f73d99080ca2d79600683b8be3395d46a386b4e1d351c6ed6dc261d267e9",
                "sha256:cfffa5ad327585754f811fd49518d7170d200ba7888c49ae8629ae94c6c4a77d",
                "sha256:d067f39d72f364ae94a118df3b4cf2db8a9f53625f497ad0f04bf91ea8720db0",
                "sha256:d8457452a9151b56f17bbb9af57a4764fb41958ab84bf808e3296aefb6e61bca",
                "sha256:dbf30730f169bbe77b2b6e000bf8b486559e8a36e6ab82f2471d75be4661e6bc",
                "sha256:e5263d2806e2c1ccb23f52b2972a235d31d42f22f3fa3032cc9aded51e9bf2c6",
                "sha256:e9091778e9e0dbbded72c389eace553153102acc9da560870d9d0845c8547a8d",
                "sha256:f04a2cf50797dfa6fa954dd24de533f471542aa1923b89381a046a936bcbdcc5",
                "sha256:faf26674e52a957b8fd76e955b6d89215265f4b8c7e13abf834c84a8e23def9d",
                "sha256:fd917247bb0489c924d74186075cf0a2d7d06b3b1413197f9f6ee8fcbd0263a0",
                "sha256:fe9c9276edafb8746c01be15e5d702dcdab41062e2f7fb8af1dd8fa51a18b717"
            ],
            "version": "==0.2.1"
        }
    },
    "develop": {
        "attrs": {
            "hashes": [
                "sha256:2d27e3784d7a565d36ab851fe94887c5eccd6a463168875832a1be79c82828b4",
                "sha256:626ba8234211db98e869df76230a137c4c40a12d72445c45d5f5b716f076e2fd"
            ],
            "markers": "python_version >= '2.7' and python_version not in '3.0, 3.1, 3.2, 3.3, 3.4'",
            "version": "==21.4.0"
        },
        "black": {
            "hashes": [
                "sha256:06f9d8846f2340dfac80ceb20200ea5d1b3f181dd0556b47af4e8e0b24fa0a6b",
                "sha256:10dbe6e6d2988049b4655b2b739f98785a884d4d6b85bc35133a8fb9a2233176",
                "sha256:2497f9c2386572e28921fa8bec7be3e51de6801f7459dffd6e62492531c47e09",
                "sha256:30d78ba6bf080eeaf0b7b875d924b15cd46fec5fd044ddfbad38c8ea9171043a",
                "sha256:328efc0cc70ccb23429d6be184a15ce613f676bdfc85e5fe8ea2a9354b4e9015",
                "sha256:35020b8886c022ced9282b51b5a875b6d1ab0c387b31a065b84db7c33085ca79",
                "sha256:5795a0375eb87bfe902e80e0c8cfaedf8af4d49694d69161e5bd3206c18618bb",
                "sha256:5891ef8abc06576985de8fa88e95ab70641de6c1fca97e2a15820a9b69e51b20",
                "sha256:637a4014c63fbf42a692d22b55d8ad6968a946b4a6ebc385c5505d9625b6a464",
                "sha256:67c8301ec94e3bcc8906740fe071391bce40a862b7be0b86fb5382beefecd968",
                "sha256:6d2fc92002d44746d3e7db7cf9313cf4452f43e9ea77a2c939defce3b10b5c82",
                "sha256:6ee227b696ca60dd1c507be80a6bc849a5a6ab57ac7352aad1ffec9e8b805f21",
                "sha256:863714200ada56cbc366dc9ae5291ceb936573155f8bf8e9de92aef51f3ad0f0",
                "sha256:9b542ced1ec0ceeff5b37d69838106a6348e60db7b8fdd245294dc1d26136265",
                "sha256:a6342964b43a99dbc72f72812bf88cad8f0217ae9acb47c0d4f141a6416d2d7b",
                "sha256:ad4efa5fad66b903b4a5f96d91461d90b9507a812b3c5de657d544215bb7877a",
                "sha256:bc58025940a896d7e5356952228b68f793cf5fcb342be703c3a2669a1488cb72",
                "sha256:cc1e1de68c8e5444e8f94c3670bb48a2beef0e91dddfd4fcc29595ebd90bb9ce",
                "sha256:cee3e11161dde1b2a33a904b850b0899e0424cc331b7295f2a9698e79f9a69a0",
                "sha256:e3556168e2e5c49629f7b0f377070240bd5511e45e25a4497bb0073d9dda776a",
                "sha256:e8477ec6bbfe0312c128e74644ac8a02ca06bcdb8982d4ee06f209be28cdf163",
                "sha256:ee8f1f7228cce7dffc2b464f07ce769f478968bfb3dd1254a4c2eeed84928aad",
                "sha256:fd57160949179ec517d32ac2ac898b5f20d68ed1a9c977346efbac9c2f1e779d"
            ],
            "markers": "python_full_version >= '3.6.2'",
            "version": "==22.3.0"
        },
        "brotli": {
            "hashes": [
                "sha256:12effe280b8ebfd389022aa65114e30407540ccb89b177d3fbc9a4f177c4bd5d",
                "sha256:160c78292e98d21e73a4cc7f76a234390e516afcd982fa17e1422f7c6a9ce9c8",
                "sha256:16d528a45c2e1909c2798f27f7bf0a3feec1dc9e50948e738b961618e38b6a7b",
                "sha256:19598ecddd8a212aedb1ffa15763dd52a388518c4550e615aed88dc3753c0f0c",
                "sha256:1c48472a6ba3b113452355b9af0a60da5c2ae60477f8feda8346f8fd48e3e87c",
                "sha256:268fe94547ba25b58ebc724680609c8ee3e5a843202e9a381f6f9c5e8bdb5c70",
                "sha256:269a5743a393c65db46a7bb982644c67ecba4b8d91b392403ad8a861ba6f495f",
                "sha256:26d168aac4aaec9a4394221240e8a5436b5634adc3cd1cdf637f6645cecbf181",
                "sha256:29d1d350178e5225397e28ea1b7aca3648fcbab546d20e7475805437bfb0a130",
                "sha256:2aad0e0baa04517741c9bb5b07586c642302e5fb3e75319cb62087bd0995ab19",
                "sha256:3496fc835370da351d37cada4cf744039616a6db7d13c430035e901443a34daa",
                "sha256:35a3edbe18e876e596553c4007a087f8bcfd538f19bc116917b3c7522fca0429",
                "sha256:3b78a24b5fd13c03ee2b7b86290ed20efdc95da75a3557cc06811764d5ad1126",
                "sha256:40d15c79f42e0a2c72892bf407979febd9cf91f36f495ffb333d1d04cebb34e4",
                "sha256:44bb8ff420c1d19d91d79d8c3574b8954288bdff0273bf788954064d260d7ab0",
                "sha256:4688c1e42968ba52e57d8670ad2306fe92e0169c6f3af0089be75bbac0c64a3b",
                "sha256:495ba7e49c2db22b046a53b469bbecea802efce200dffb69b93dd47397edc9b6",
                "sha256:4d1b810aa0ed773f81dceda2cc7b403d01057458730e309856356d4ef4188438",
                "sha256:503fa6af7da9f4b5780bb7e4cbe0c639b010f12be85d02c99452825dd0feef3f",
                "sha256:56d027eace784738457437df7331965473f2c0da2c70e1a1f6fdbae5402e0389",
                "sha256:5913a1177fc36e30fcf6dc868ce23b0453952c78c04c266d3149b3d39e1410d6",
                "sha256:5b6ef7d9f9c38292df3690fe3e302b5b530999fa90014853dcd0d6902fb59f26",
                "sha256:5cb1e18167792d7d21e21365d7650b72d5081ed476123ff7b8cac7f45189c0c7",
                "sha256:61a7ee1f13ab913897dac7da44a73c6d44d48a4adff42a5701e3239791c96e14",
                "sha256:622a231b08899c864eb87e85f81c75e7b9ce05b001e59bbfbf43d4a71f5f32b2",
                "sha256:68715970f16b6e92c574c30747c95cf8cf62804569647386ff032195dc89a430",
                "sha256:6b2ae9f5f67f89aade1fab0f7fd8f2832501311c363a21579d02defa844d9296",
                "sha256:6c772d6c0a79ac0f414a9f8947cc407e119b8598de7621f39cacadae3cf57d12",
                "sha256:6d847b14f7ea89f6ad3c9e3901d1bc4835f6b390a9c71df999b0162d9bb1e20f",
                "sha256:76ffebb907bec09ff511bb3acc077695e2c32bc2142819491579a695f77ffd4d",
                "sha256:7bbff90b63328013e1e8cb50650ae0b9bac54ffb4be6104378490193cd60f85a",
                "sha256:7cb81373984cc0e4682f31bc3d6be9026006d96eecd07ea49aafb06897746452",
                "sha256:7ee83d3e3a024a9618e5be64648d6d11c37047ac48adff25f12fa4226cf23d1c",
                "sha256:854c33dad5ba0fbd6ab69185fec8dab89e13cda6b7d191ba111987df74f38761",
                "sha256:85f7912459c67eaab2fb854ed2bc1cc25772b300545fe7ed2dc03954da638649",
                "sha256:87fdccbb6bb589095f413b1e05734ba492c962b4a45a13ff3408fa44ffe6479b",
                "sha256:88c63a1b55f352b02c6ffd24b15ead9fc0e8bf781dbe070213039324922a2eea",
                "sha256:8a674ac10e0a87b683f4fa2b6fa41090edfd686a6524bd8dedbd6138b309175c",
                "sha256:93130612b837103e15ac3f9cbacb4613f9e348b58b3aad53721d92e57f96d46a",
                "sha256:9744a863b489c79a73aba014df554b0e7a0fc44ef3f8a0ef2a52919c7d155031",
                "sha256:9749a124280a0ada4187a6cfd1ffd35c350fb3af79c706589d98e088c5044267",
                "sha256:97f715cf371b16ac88b8c19da00029804e20e25f30d80203417255d239f228b5",
                "sha256:9bf919756d25e4114ace16a8ce91eb340eb57a08e2c6950c3cebcbe3dff2a5e7",
                "sha256:9d12cf2851759b8de8ca5fde36a59c08210a97ffca0eb94c532ce7b17c6a3d1d",
                "sha256:9ed4c92a0665002ff8ea852353aeb60d9141eb04109e88928026d3c8a9e5433c",
                "sha256:a72661af47119a80d82fa583b554095308d6a4c356b2a554fdc2799bc19f2a43",
                "sha256:afde17ae04d90fbe53afb628f7f2d4ca022797aa093e809de5c3cf276f61bbfa",
                "sha256:b336c5e9cf03c7be40c47b5fd694c43c9f1358a80ba384a21969e0b4e66a9b17",
                "sha256:b663f1e02de5d0573610756398e44c130add0eb9a3fc912a09665332942a2efb",
                "sha256:b83bb06a0192cccf1eb8d0a28672a1b79c74c3a8a5f2619625aeb6f28b3a82bb",
                "sha256:c2415d9d082152460f2bd4e382a1e85aed233abc92db5a3880da2257dc7daf7b",
                "sha256:c83aa123d56f2e060644427a882a36b3c12db93727ad7a7b9efd7d7f3e9cc2c4",
                "sha256:cfc391f4429ee0a9370aa93d812a52e1fee0f37a81861f4fdd1f4fb28e8547c3",
                "sha256:db844eb158a87ccab83e868a762ea8024ae27337fc7ddcbfcddd157f841fdfe7",
                "sha256:defed7ea5f218a9f2336301e6fd379f55c655bea65ba2476346340a0ce6f74a1",
                "sha256:e16eb9541f3dd1a3e92b89005e37b1257b157b7256df0e36bd7b33b50be73bcb",
                "sha256:e23281b9a08ec338469268f98f194658abfb13658ee98e2b7f85ee9dd06caa91",
                "sha256:e2d9e1cbc1b25e22000328702b014227737756f4b5bf5c485ac1d8091ada078b",
                "sha256:e48f4234f2469ed012a98f4b7874e7f7e173c167bed4934912a29e03167cf6b1",
                "sha256:e4c4e92c14a57c9bd4cb4be678c25369bf7a092d55fd0866f759e425b9660806",
                "sha256:ec1947eabbaf8e0531e8e899fc1d9876c179fc518989461f5d24e2223395a9e3",
                "sha256:f909bbbc433048b499cb9db9e713b5d8d949e8c109a2a548502fb9aa8630f0b1"
            ],
            "version": "==1.0.9"
        },
        "chws-tool": {
            "editable": true,
            "extras": [
                "dev"
            ],
            "path": "."
        },
        "click": {
            "hashes": [
                "sha256:7682dc8afb30297001674575ea00d1814d808d6a36af415a82bd481d37ba7b8e",
                "sha256:bb4d8133cb15a609f44e8213d9b391b0809795062913b383c62be0ee95b1db48"
            ],
            "markers": "python_version >= '3.7'",
            "version": "==8.1.3"
        },
        "distlib": {
            "hashes": [
                "sha256:6564fe0a8f51e734df6333d08b8b94d4ea8ee6b99b5ed50613f731fd4089f34b",
                "sha256:e4b58818180336dc9c529bfb9a0b58728ffc09ad92027a3f30b7cd91e3458579"
            ],
            "version": "==0.3.4"
        },
        "east-asian-spacing": {
            "hashes": [
                "sha256:b87a466b8516a7e50f3c85ce142c297b554a73c73f38a07932702432687d5265",
                "sha256:f1714dbb55bd6d28d45c7987df6450540612112568b2dbd0893ccae90ce04d51"
            ],
            "index": "pypi",
            "version": "==1.4.1"
        },
        "filelock": {
            "hashes": [
                "sha256:37def7b658813cda163b56fc564cdc75e86d338246458c4c28ae84cabefa2404",
                "sha256:3a0fd85166ad9dbab54c9aec96737b744106dc5f15c0b09a6744a445299fcf04"
            ],
            "markers": "python_version >= '3.7'",
            "version": "==3.7.1"
        },
        "fonttools": {
            "extras": [
                "woff"
            ],
            "hashes": [
                "sha256:c0fdcfa8ceebd7c1b2021240bd46ef77aa8e7408cf10434be55df52384865f8e",
                "sha256:f829c579a8678fa939a1d9e9894d01941db869de44390adb49ce67055a06cc2a"
            ],
            "markers": "python_version >= '3.7'",
            "version": "==4.33.3"
        },
        "importlab": {
            "hashes": [
                "sha256:744bd75d4410744962d203bd1eb71a950b19e8fb8eb5f0b805461dc0a2da329b"
            ],
            "markers": "python_version >= '3.6'",
            "version": "==0.7"
        },
        "iniconfig": {
            "hashes": [
                "sha256:011e24c64b7f47f6ebd835bb12a743f2fbe9a26d4cecaa7f53bc4f35ee9da8b3",
                "sha256:bc3af051d7d14b2ee5ef9969666def0cd1a000e121eaea580d4a313df4b37f32"
            ],
            "version": "==1.1.1"
        },
        "libcst": {
            "hashes": [
                "sha256:0c982387b8e23ad18efbd0287004924931a0b05c91ed5630453faf224bb0b185",
                "sha256:1a395129ecf6c6ce429427f34100ccd99f35898a98187764a4559d9f92166cd0",
                "sha256:1c3d33da8f9b088e118bfc6ecacdd627ac237baeb490f4d7a383af4df4ea4f82",
                "sha256:231a9ca446570f9b63d8c2c6dbf6c796fb939a5e4ef9dc0dd9304a21a6c0da16",
                "sha256:28f35b9a21b2f8982a8ed3f53b1fdbc5435252409d34d061a3229dc4b413b8c7",
                "sha256:3cb70e7e5118234e75d309fcf04931e20f282f16c80dda464fc1b88ef02e52e4",
                "sha256:3d9191c764645dddf94d49885e590433fa0ee6d347b07eec86566786e6d2ada5",
                "sha256:6c8c00b24ab39facff463b18b9abc8df7dd063ae0ce9fe2e78e199c9a8572e37",
                "sha256:826ea5f10a84625db861ccf35946317f4f29e575261e44c0cd6c24c4dde5c2bb",
                "sha256:88ab371aab82f7241448e263ec42abced649a77cdd21df960268e6df70b3f3f7",
                "sha256:a6f57056a743853c01bbd21bfd96c2a1b4c317bbc66920f5f2c9999b3dca7233",
                "sha256:afc793c95af79e5adc5905713ccddff034d0de3e3da748424b722edf890227de",
                "sha256:b08e7a56950479c856183ad6fdf0a21df028d6732e1d19822ec1593e32f700ca",
                "sha256:bc4c25aca45df5f86a6a1c8c219e8c7a90acdaef02b53eb01eafa563381cb0ce",
                "sha256:bea98a8be2b1725784ae01e89519121eba7d81280dcbee40ae03ececd7277cf3",
                "sha256:c0f22e9787e44304e7cd9744e543602ab2c1bca8b922cb6237ea08d9a0be3fdd",
                "sha256:ca00819affafccb02b2582ec47706712b995c9887cad02bb8efe94a066830f37",
                "sha256:cab5b23796ce66303398bb7b2d27bcb17d2416dacd3d00229c961aed87d79a3b",
                "sha256:d744d4a6301c75322f1d88365dccfe402a51e724583a2edc4cba474462cc9419",
                "sha256:df5f51a837fc10cdbf5c61acb467f6c15d5f9ca1d94a84a6a29c4f20ce7b437e",
                "sha256:ed0f15545eddfdd6270069ce0b2d4c253298817bd676a1a6adddaa1d66c7e28b",
                "sha256:f744f60057c8998b856d9baf28765c65574992f4a49830ca350010fc31f4eac4",
                "sha256:f79ab61287505d97ed57ead14b78777f48cd6ec5339ca4978987e4c35957a465",
                "sha256:ff147dd77b6ea72e4f2f0abfcd1be11a3108c28cb65e6da666c0b77142033f7c"
            ],
            "markers": "python_version >= '3.7'",
            "version": "==0.4.3"
        },
        "mypy-extensions": {
            "hashes": [
                "sha256:090fedd75945a69ae91ce1303b5824f428daf5a028d2f6ab8a299250a846f15d",
                "sha256:2d82818f5bb3e369420cb3c4060a7970edba416647068eb4c5343488a6c604a8"
            ],
            "version": "==0.4.3"
        },
        "networkx": {
            "hashes": [
                "sha256:67fab04a955a73eb660fe7bf281b6fa71a003bc6e23a92d2f6227654c5223dbe",
                "sha256:f151edac6f9b0cf11fecce93e236ac22b499bb9ff8d6f8393b9fef5ad09506cc"
            ],
            "markers": "python_version >= '3.8'",
            "version": "==2.8.3"
        },
        "ninja": {
            "hashes": [
                "sha256:0560eea57199e41e86ac2c1af0108b63ae77c3ca4d05a9425a750e908135935a",
                "sha256:21a1d84d4c7df5881bfd86c25cce4cf7af44ba2b8b255c57bc1c434ec30a2dfc",
                "sha256:279836285975e3519392c93c26e75755e8a8a7fafec9f4ecbb0293119ee0f9c6",
                "sha256:29570a18d697fc84d361e7e6330f0021f34603ae0fcb0ef67ae781e9814aae8d",
                "sha256:5ea785bf6a15727040835256577239fa3cf5da0d60e618c307aa5efc31a1f0ce",
                "sha256:688167841b088b6802e006f911d911ffa925e078c73e8ef2f88286107d3204f8",
                "sha256:6bd76a025f26b9ae507cf8b2b01bb25bb0031df54ed685d85fc559c411c86cf4",
                "sha256:740d61fefb4ca13573704ee8fe89b973d40b8dc2a51aaa4e9e68367233743bb6",
                "sha256:840a0b042d43a8552c4004966e18271ec726e5996578f28345d9ce78e225b67e",
                "sha256:84be6f9ec49f635dc40d4b871319a49fa49b8d55f1d9eae7cd50d8e57ddf7a85",
                "sha256:9ca8dbece144366d5f575ffc657af03eb11c58251268405bc8519d11cf42f113",
                "sha256:cc8b31b5509a2129e4d12a35fc21238c157038022560aaf22e49ef0a77039086",
                "sha256:d5e0275d28997a750a4f445c00bdd357b35cc334c13cdff13edf30e544704fbd",
                "sha256:e1b86ad50d4e681a7dbdff05fc23bb52cb773edb90bc428efba33fa027738408"
            ],
            "version": "==1.10.2.3"
        },
        "packaging": {
            "hashes": [
                "sha256:dd47c42927d89ab911e606518907cc2d3a1f38bbd026385970643f9c5b8ecfeb",
                "sha256:ef103e05f519cdc783ae24ea4e2e0f508a9c99b2d4969652eed6a2e1ea5bd522"
            ],
            "markers": "python_version >= '3.6'",
            "version": "==21.3"
        },
        "pathspec": {
            "hashes": [
                "sha256:7d15c4ddb0b5c802d161efc417ec1a2558ea2653c2e8ad9c19098201dc1c993a",
                "sha256:e564499435a2673d586f6b2130bb5b95f04a3ba06f81b8f895b651a3c76aabb1"
            ],
            "version": "==0.9.0"
        },
        "platformdirs": {
            "hashes": [
                "sha256:027d8e83a2d7de06bbac4e5ef7e023c02b863d7ea5d079477e722bb41ab25788",
                "sha256:58c8abb07dcb441e6ee4b11d8df0ac856038f944ab98b7be6b27b2a3c7feef19"
            ],
            "markers": "python_version >= '3.7'",
            "version": "==2.5.2"
        },
        "pluggy": {
            "hashes": [
                "sha256:4224373bacce55f955a878bf9cfa763c1e360858e330072059e10bad68531159",
                "sha256:74134bbf457f031a36d68416e1509f34bd5ccc019f0bcc952c7b909d06b37bd3"
            ],
            "markers": "python_version >= '3.6'",
            "version": "==1.0.0"
        },
        "py": {
            "hashes": [
                "sha256:51c75c4126074b472f746a24399ad32f6053d1b34b68d2fa41e558e6f4a98719",
                "sha256:607c53218732647dff4acdfcd50cb62615cedf612e72d1724fb1a0cc6405b378"
            ],
            "markers": "python_version >= '2.7' and python_version not in '3.0, 3.1, 3.2, 3.3, 3.4'",
            "version": "==1.11.0"
        },
        "pydot": {
            "hashes": [
                "sha256:248081a39bcb56784deb018977e428605c1c758f10897a339fce1dd728ff007d",
                "sha256:66c98190c65b8d2e2382a441b4c0edfdb4f4c025ef9cb9874de478fb0793a451"
            ],
            "markers": "python_version >= '2.7' and python_version not in '3.0, 3.1, 3.2, 3.3'",
            "version": "==1.4.2"
        },
        "pyparsing": {
            "hashes": [
                "sha256:2b020ecf7d21b687f219b71ecad3631f644a47f01403fa1d1036b0c6416d70fb",
                "sha256:5026bae9a10eeaefb61dab2f09052b9f4307d44aee4eda64b309723d8d206bbc"
            ],
            "markers": "python_full_version >= '3.6.8'",
            "version": "==3.0.9"
        },
        "pytest": {
            "hashes": [
                "sha256:13d0e3ccfc2b6e26be000cb6568c832ba67ba32e719443bfe725814d3c42433c",
                "sha256:a06a0425453864a270bc45e71f783330a7428defb4230fb5e6a731fde06ecd45"
            ],
            "index": "pypi",
            "version": "==7.1.2"
        },
        "pytest-asyncio": {
            "hashes": [
                "sha256:16cf40bdf2b4fb7fc8e4b82bd05ce3fbcd454cbf7b92afc445fe299dabb88213",
                "sha256:7659bdb0a9eb9c6e3ef992eef11a2b3e69697800ad02fb06374a210d85b29f91",
                "sha256:8fafa6c52161addfd41ee7ab35f11836c5a16ec208f93ee388f752bea3493a84"
            ],
            "index": "pypi",
            "version": "==0.18.3"
        },
        "pytype": {
            "hashes": [
                "sha256:1031bd3a946aefadcd635fedfd6c4fea7416409732b15a125f22cb4cbb7c0203",
                "sha256:1733a59d8056f6ffd0fca4d3f2fa200f856f8cb7afd939f4c9cbf97ee172d0e1",
                "sha256:2ae9635715b9cd9e54f7874c6b851a22c1600b0e2c74239fde57ee3683683c6d",
                "sha256:5856c8f47fc468172505bceffe655cc9391585effd0b7f07722d88e0d335532b",
                "sha256:589778b507caa48d4d74b9f3c0708ee21177a8cef71a3659cfe1bb7048df0b1e",
                "sha256:93d1d9b25f8eaad4accb29c0161c518041739f7269ef23e8af868b79d0a50838",
                "sha256:a3635b2ba405ee8a04e95e862ca7fd2e63fc5e5e324e76566c2c233eb5e69467",
                "sha256:a4078e3f190f0c815e9d3fbfedc114dc68685e5f5e3d100c6e30d0e61e3dd6f7",
                "sha256:a4f3c197a08ba932b3272774e77c246990704a28ee294f29ae2f7ef95ee28544",
                "sha256:acee5003cc91a87dc0a296bb712532964f267c6e3905ed9dbe8d2577a677e9d8",
                "sha256:c619b693815e3e90085c2e40cb4af2f47dd4dc196b4cf6113bf372806f953c9a",
                "sha256:d1611ec0816798075f96b7d9775d71c16b1e14af78ad6f63d0657832c3bded79",
                "sha256:e9c8c95b9f17e00efaa77a9e2b5e02bc2c0c5d49eb8ed1135a2003e5bcdbf5b9"
            ],
            "index": "pypi",
            "version": "==2022.6.6"
        },
        "pyyaml": {
            "hashes": [
                "sha256:0283c35a6a9fbf047493e3a0ce8d79ef5030852c51e9d911a27badfde0605293",
                "sha256:055d937d65826939cb044fc8c9b08889e8c743fdc6a32b33e2390f66013e449b",
                "sha256:07751360502caac1c067a8132d150cf3d61339af5691fe9e87803040dbc5db57",
                "sha256:0b4624f379dab24d3725ffde76559cff63d9ec94e1736b556dacdfebe5ab6d4b",
                "sha256:0ce82d761c532fe4ec3f87fc45688bdd3a4c1dc5e0b4a19814b9009a29baefd4",
                "sha256:1e4747bc279b4f613a09eb64bba2ba602d8a6664c6ce6396a4d0cd413a50ce07",
                "sha256:213c60cd50106436cc818accf5baa1aba61c0189ff610f64f4a3e8c6726218ba",
                "sha256:231710d57adfd809ef5d34183b8ed1eeae3f76459c18fb4a0b373ad56bedcdd9",
                "sha256:277a0ef2981ca40581a47093e9e2d13b3f1fbbeffae064c1d21bfceba2030287",
                "sha256:2cd5df3de48857ed0544b34e2d40e9fac445930039f3cfe4bcc592a1f836d513",
                "sha256:40527857252b61eacd1d9af500c3337ba8deb8fc298940291486c465c8b46ec0",
                "sha256:473f9edb243cb1935ab5a084eb238d842fb8f404ed2193a915d1784b5a6b5fc0",
                "sha256:48c346915c114f5fdb3ead70312bd042a953a8ce5c7106d5bfb1a5254e47da92",
                "sha256:50602afada6d6cbfad699b0c7bb50d5ccffa7e46a3d738092afddc1f9758427f",
                "sha256:68fb519c14306fec9720a2a5b45bc9f0c8d1b9c72adf45c37baedfcd949c35a2",
                "sha256:77f396e6ef4c73fdc33a9157446466f1cff553d979bd00ecb64385760c6babdc",
                "sha256:819b3830a1543db06c4d4b865e70ded25be52a2e0631ccd2f6a47a2822f2fd7c",
                "sha256:897b80890765f037df3403d22bab41627ca8811ae55e9a722fd0392850ec4d86",
                "sha256:98c4d36e99714e55cfbaaee6dd5badbc9a1ec339ebfc3b1f52e293aee6bb71a4",
                "sha256:9df7ed3b3d2e0ecfe09e14741b857df43adb5a3ddadc919a2d94fbdf78fea53c",
                "sha256:9fa600030013c4de8165339db93d182b9431076eb98eb40ee068700c9c813e34",
                "sha256:a80a78046a72361de73f8f395f1f1e49f956c6be882eed58505a15f3e430962b",
                "sha256:b3d267842bf12586ba6c734f89d1f5b871df0273157918b0ccefa29deb05c21c",
                "sha256:b5b9eccad747aabaaffbc6064800670f0c297e52c12754eb1d976c57e4f74dcb",
                "sha256:c5687b8d43cf58545ade1fe3e055f70eac7a5a1a0bf42824308d868289a95737",
                "sha256:cba8c411ef271aa037d7357a2bc8f9ee8b58b9965831d9e51baf703280dc73d3",
                "sha256:d15a181d1ecd0d4270dc32edb46f7cb7733c7c508857278d3d378d14d606db2d",
                "sha256:d4db7c7aef085872ef65a8fd7d6d09a14ae91f691dec3e87ee5ee0539d516f53",
                "sha256:d4eccecf9adf6fbcc6861a38015c2a64f38b9d94838ac1810a9023a0609e1b78",
                "sha256:d67d839ede4ed1b28a4e8909735fc992a923cdb84e618544973d7dfc71540803",
                "sha256:daf496c58a8c52083df09b80c860005194014c3698698d1a57cbcfa182142a3a",
                "sha256:e61ceaab6f49fb8bdfaa0f92c4b57bcfbea54c09277b1b4f7ac376bfb7a7c174",
                "sha256:f84fbc98b019fef2ee9a1cb3ce93e3187a6df0b2538a651bfb890254ba9f90b5"
            ],
            "markers": "python_version >= '3.6'",
            "version": "==6.0"
        },
        "sanitized-package": {
            "editable": true,
            "extras": [
                "dev"
            ],
            "path": "."
        },
        "six": {
            "hashes": [
                "sha256:1e61c37477a1626458e36f7b1d82aa5c9b094fa4802892072e49de9c60c4c926",
                "sha256:8abb2f1d86890a2dfb989f9a77cfcfd3e47c2a354b01111771326f8aa26e0254"
            ],
            "markers": "python_version >= '2.7' and python_version not in '3.0, 3.1, 3.2, 3.3'",
            "version": "==1.16.0"
        },
        "tabulate": {
            "hashes": [
                "sha256:d7c013fe7abbc5e491394e10fa845f8f32fe54f8dc60c6622c6cf482d25d47e4",
                "sha256:eb1d13f25760052e8931f2ef80aaf6045a6cceb47514db8beab24cded16f13a7"
            ],
            "version": "==0.8.9"
        },
        "toml": {
            "hashes": [
                "sha256:806143ae5bfb6a3c6e736a764057db0e6a0e05e338b5630894a5f779cabb4f9b",
                "sha256:b3bda1d108d5dd99f4a20d24d9c348e91c4db7ab1b749200bded2f839ccbe68f"
            ],
            "markers": "python_version >= '2.6' and python_version not in '3.0, 3.1, 3.2, 3.3'",
            "version": "==0.10.2"
        },
        "tomli": {
            "hashes": [
                "sha256:939de3e7a6161af0c887ef91b7d41a53e7c5a1ca976325f429cb46ea9bc30ecc",
                "sha256:de526c12914f0c550d15924c62d72abc48d6fe7364aa87328337a31007fe8a4f"
            ],
            "markers": "python_version >= '3.7'",
            "version": "==2.0.1"
        },
        "tox": {
            "hashes": [
                "sha256:0805727eb4d6b049de304977dfc9ce315a1938e6619c3ab9f38682bb04662a5a",
                "sha256:37888f3092aa4e9f835fc8cc6dadbaaa0782651c41ef359e3a5743fcb0308160"
            ],
            "index": "pypi",
            "version": "==3.25.0"
        },
        "typing-extensions": {
            "hashes": [
                "sha256:6657594ee297170d19f67d55c05852a874e7eb634f4f753dbd667855e07c1708",
                "sha256:f1c24655a0da0d1b67f07e17a5e6b2a105894e6824b92096378bb3668ef02376"
            ],
            "markers": "python_version < '3.10'",
            "version": "==4.2.0"
        },
        "typing-inspect": {
            "hashes": [
                "sha256:047d4097d9b17f46531bf6f014356111a1b6fb821a24fe7ac909853ca2a782aa",
                "sha256:3cd7d4563e997719a710a3bfe7ffb544c6b72069b6812a02e9b414a8fa3aaa6b",
                "sha256:b1f56c0783ef0f25fb064a01be6e5407e54cf4a4bf4f3ba3fe51e0bd6dcea9e5"
            ],
            "version": "==0.7.1"
        },
        "uharfbuzz": {
            "hashes": [
                "sha256:007013188f32c235d5036e1cdcac633c295da8cf5d25991cfd49c5bca84ce242",
                "sha256:08f2f853432b87e81417de61163d1d6e8f138d7b0935dbe1be91678c95f91056",
                "sha256:09ebe74579c562455956c32b6fdcfa28e435aca49a5da20cb857b085c5c97629",
                "sha256:0f0c5a9de0a92e5b97ed3fbc2b9b3b3f8e873a0ba1a283271c4bf62a283f852f",
                "sha256:142d0f2a9a2252a3d05d2ef9b15796b1eee31ac5d03c1eb5e7e492fd04475cd0",
                "sha256:1a85caa9203cb6a916d6dee60cc56e1980f6e65e50a78ef0c7de286e4a7e644d",
                "sha256:1c1c8dee9cd1c735a09ee8a6e0b8a702d34c15aff1e4e5c8ba8494a2a7eeb134",
                "sha256:1c38704094466e12c487dfc98850b2180d787a683104cb7d8de65a230af48329",
                "sha256:2833b18a2a6d6d1748e64ba375abe4d11f62e2489165fdce572708e334ff288c",
                "sha256:3a6dc27fd0f447c25579685585959499b835b99ae060b9aa220d58a312e2b583",
                "sha256:48a4d6662df25aae5619b4a776c421db8405c29593d821e938cfb9da1448bd4c",
                "sha256:52ddebb39c02bfcd0c7fa3adf2e8947ae20c29ac6d3474d510293d320f6e7f77",
                "sha256:537d792c1a58a2d1589608ed9e2c0d529357ac42d8349882d0d96ddff82e5be3",
                "sha256:6e5b0b4f259fef5aa845df17037886415f858a1329bf6b32e6265ff33e0d6f23",
                "sha256:6f6dcedb0cebb73411944301502fa432518042f671546b373e35ab9c3faa79fe",
                "sha256:80066fa003a1995e4f1c5f529e1aef25b4de88dbfbadeef8bfecfec3e7737d44",
                "sha256:97b1e43542935709b825ce5e6b15defc672a3fae2a04699017ea46388e7ef447",
                "sha256:9e5d97677509b97f9a7190e17e425af873f734453f5f71014b473edbe95f55b6",
                "sha256:a354d9b8429051db901cae0b4713bcd30e794edc8a9d20ca7d4ee182e9ad24c6",
                "sha256:a7695154f78442867d0889605fe84f908c6e7961dff045869fa82a706f3f0f1f",
                "sha256:a95460149588098e608a33910199fbb46d413b1d042a338852727c5f339f806f",
                "sha256:af18ffb6d9cdb9fd1b4e823ecebceb50fc63d2b9e7a5e51dee425868a38b61ca",
                "sha256:b8572e4a4ee237850dfa36ba7f0163da729a9ba481bab71947a8123123d080a9",
                "sha256:bfc64a82a5afce72b14b5c540b0960b44b208d1be1cf5eee9c8eec55fbd4fb1c",
                "sha256:c1fb1c6c7a7c59974780f4b21ab948d782fa2daaa455597e882a78297d70879b",
                "sha256:c5606aa3e215889ee732beb455aad8c2329cb7ed51507cc4fe3a63c1fb6d187d",
                "sha256:c8b93e08c302d766238ecf427971a3d012c69f9b0f2be1aa743d583b68cb3258",
                "sha256:ccee61a5391e0a1a7484a225b659401c06fdba21a0a865d9efe91eae51631ff4",
                "sha256:d0e91572283bbf2c91e444e9a3cb2c2dab4c8b22f8efc06754a20b74c5647894",
                "sha256:d1f5157de05f7894d3311107c65be6e387dfee5c5198832dd8070ea45aa06fea",
                "sha256:d513ed04361f2546c065c3991f7e11f92e322bcf45b8809d348af2fa9f45c0e4",
                "sha256:d9f2f7bbb96193f9ef77cc43f36300fcaa4d959ab8c764d5696d0f157d238f36",
                "sha256:df14b251f3d61cecade8a4ae31052215c8a3a868d689dc157bc0fc070750f597",
                "sha256:e6c315e1b98796dd7c3cb0d5c31e8e824abd881c9fd85e9cb4d80d3bd105678c",
                "sha256:fd92b98bb240762d74daf478b6553f2fadd7cbbc5301b69f4470da422e4298d5",
                "sha256:fee5cae233401856c79299511109f627ff39284380fad67a3e4d65ac66b06d6f"
            ],
            "markers": "python_version >= '3.5'",
            "version": "==0.26.0"
        },
        "virtualenv": {
            "hashes": [
                "sha256:e617f16e25b42eb4f6e74096b9c9e37713cf10bf30168fb4a739f3fa8f898a3a",
                "sha256:ef589a79795589aada0c1c5b319486797c03b67ac3984c48c669c0e4f50df3a5"
            ],
            "markers": "python_version >= '2.7' and python_version not in '3.0, 3.1, 3.2, 3.3, 3.4'",
            "version": "==20.14.1"
        },
        "zopfli": {
            "hashes": [
                "sha256:0190633ca26568f6fa810af9b7c108279d5f565a8aca1224333ff732f565086d",
                "sha256:0f052a07a6fb6b7bf87ed30a099187597eb594a8a573a4426c16a6a852a05d86",
                "sha256:0f45111b31f32aef070be180433fec5de548dc87caf92c5c304d1e3642b12815",
                "sha256:195209711463a399f0c252b34042d8027f3b41dcb646fc112551cfaef507eab4",
                "sha256:2442b99067229d786aa9f9b86976db1ba9602c1b204f361d2901d1bbcaca3441",
                "sha256:28a103434694ce35cbe4f2380e18077052a78f1a0de061b3c8f1bd35b54c2822",
                "sha256:29357c34b8de35c05dd04d8706393bfa09b2dd8bb7a331cc5e98e2b8d39d2efd",
                "sha256:2cd55bf9952884f3c0a3a32f95e5ba5fb0e1f371c9b1a99ed41351c1e00f4700",
                "sha256:2f61ecd57bc47684c44a60e8cecb8e67f633cf238f30cc255627e172119ad72d",
                "sha256:338c7b2bba06ff60a73f724b7e1c8a16a5aebe9155edf58cf69b4ff7cb0b46f6",
                "sha256:3663d25419476b9e999e12ab8f6f5f8d39079bf536947da2cb5f3e45491db6f4",
                "sha256:37071a3dd5ec0c7f27a1f440d6f50ed8171665e7e3b6ae9a6228e6c48d21570c",
                "sha256:38b1928a5fc5c706ec90aa833ffb5f4512bf886fe41c1b30a95edf7fb09544d6",
                "sha256:51537999c2114a68b1c0fac8f7ab2a05e4251d778b568213f1666f04feb79e1c",
                "sha256:58b2bd497273e1344098370d959f837ec1d18bae9bfafad8f4e4a2802cbbf049",
                "sha256:5ee224ec851b4b53042ff6ad6e81712c8c9aa18396396acb024fe5a65c6bb8f1",
                "sha256:5fa38b9bb6636fd11b3348dfd6aee4839e71145c3aebc76de4ba44886ec9fd6e",
                "sha256:5ffcdc5ee695da73990f7806f8f1dd9a6d99d338bbe54d08fb3aaa55c9603e27",
                "sha256:683c2d521553aa8ca4526c911d419d37223db298f76048ce920aded18ae060cb",
                "sha256:7b189d80aeedb986d226e966df9e13fe8ccc28352d9d5c6c1bd3ac208aa79769",
                "sha256:7c829c577f976b05e4ec583da4f48f31448db97b9f7b65c438d45ba7893aa2a7",
                "sha256:7e2b47662632809d7035f4fc16edbe141c4538158ad74eb3c47532b8bedb8277",
                "sha256:890a83502bb5dff27b1e2b829f8b879d9b7c1383d20a68dc13f0de71da4ff604",
                "sha256:8a40d9d113902aea0de370dce115051cf9cae4767b50af4fdde66d931b9bcae5",
                "sha256:8bc92b4008854afa465d647be5ae51b01788ec47cfd10a362dcc865ff898c473",
                "sha256:95a7ca4571797375b1fa924858cda344767621ef70a43b1b2c0b116e275f42b2",
                "sha256:9e123bfb16cf86ef5abda375012a97c7d00d989b3519d785ca298326f671a81b",
                "sha256:a8ca5b541544a7b959fdf5a8f614c52a31002e4be489663d835aadeef3473cb0",
                "sha256:a9def54c90edd112f785b07a812005ab374e7d0aaf50ecac900ca0c51adab3e7",
                "sha256:aa11904718fd27b2ccadf0ac88c1ca0b96ba67ad0c3c2bd584f85de060d04534",
                "sha256:aa18771d1d76c09d2ec2c859b6c55fdad29d2511549b4225437194aca102ad3c",
                "sha256:b25540fee3d54e0fb627f911f7e1bed79611ea09aa048708777a34f6f1ac9b70",
                "sha256:b882f85b13c47eb19e7f07bccac7564701424ed5ec6d7ba8886ad6de04110e21",
                "sha256:ba4001a8c798a9bb2a59bb30284acd604e0c702477dce69b7fde35a50e55a95b",
                "sha256:bbcdbfe93dad34f0e30f166092ffdf95e564e415b29732a6f6a52def7bb1c4d3",
                "sha256:c5d722b2bfde6dbfbda548e7f6b5b50b57ee06f334b055be24d9bbcdbee60e84",
                "sha256:c993919cd01ea5c4b0134908bbd59321d9bdbb9085aa30c538fa1289745fe52f",
                "sha256:c9b9f73d99080ca2d79600683b8be3395d46a386b4e1d351c6ed6dc261d267e9",
                "sha256:cfffa5ad327585754f811fd49518d7170d200ba7888c49ae8629ae94c6c4a77d",
                "sha256:d067f39d72f364ae94a118df3b4cf2db8a9f53625f497ad0f04bf91ea8720db0",
                "sha256:d8457452a9151b56f17bbb9af57a4764fb41958ab84bf808e3296aefb6e61bca",
                "sha256:dbf30730f169bbe77b2b6e000bf8b486559e8a36e6ab82f2471d75be4661e6bc",
                "sha256:e5263d2806e2c1ccb23f52b2972a235d31d42f22f3fa3032cc9aded51e9bf2c6",
                "sha256:e9091778e9e0dbbded72c389eace553153102acc9da560870d9d0845c8547a8d",
                "sha256:f04a2cf50797dfa6fa954dd24de533f471542aa1923b89381a046a936bcbdcc5",
                "sha256:faf26674e52a957b8fd76e955b6d89215265f4b8c7e13abf834c84a8e23def9d",
                "sha256:fd917247bb0489c924d74186075cf0a2d7d06b3b1413197f9f6ee8fcbd0263a0",
                "sha256:fe9c9276edafb8746c01be15e5d702dcdab41062e2f7fb8af1dd8fa51a18b717"
            ],
            "version": "==0.2.1"
        }
    }
}
